// !$*UTF8*$!
{
	archiveVersion = 1;
	classes = {
	};
	objectVersion = 56;
	objects = {

/* Begin PBXBuildFile section */
		4B95BE382B262F7E00000BBE /* SDWebImageSwiftUI in Frameworks */ = {isa = PBXBuildFile; productRef = 4B95BE372B262F7E00000BBE /* SDWebImageSwiftUI */; };
		4B9803E72B1A686800DEB148 /* AppDelegate.swift in Sources */ = {isa = PBXBuildFile; fileRef = 4B9803E62B1A686800DEB148 /* AppDelegate.swift */; };
		4B9803E92B1A686800DEB148 /* SceneDelegate.swift in Sources */ = {isa = PBXBuildFile; fileRef = 4B9803E82B1A686800DEB148 /* SceneDelegate.swift */; };
		4B9803EB2B1A686800DEB148 /* ViewController.swift in Sources */ = {isa = PBXBuildFile; fileRef = 4B9803EA2B1A686800DEB148 /* ViewController.swift */; };
		4B9803EE2B1A686800DEB148 /* Main.storyboard in Resources */ = {isa = PBXBuildFile; fileRef = 4B9803EC2B1A686800DEB148 /* Main.storyboard */; };
		4B9803F02B1A686A00DEB148 /* Assets.xcassets in Resources */ = {isa = PBXBuildFile; fileRef = 4B9803EF2B1A686A00DEB148 /* Assets.xcassets */; };
		4B9803F32B1A686A00DEB148 /* LaunchScreen.storyboard in Resources */ = {isa = PBXBuildFile; fileRef = 4B9803F12B1A686A00DEB148 /* LaunchScreen.storyboard */; };
		4B9803FE2B1A686B00DEB148 /* MindvalleyCodingTests.swift in Sources */ = {isa = PBXBuildFile; fileRef = 4B9803FD2B1A686B00DEB148 /* MindvalleyCodingTests.swift */; };
		4B9804082B1A686B00DEB148 /* MindvalleyCodingUITests.swift in Sources */ = {isa = PBXBuildFile; fileRef = 4B9804072B1A686B00DEB148 /* MindvalleyCodingUITests.swift */; };
		4B98040A2B1A686B00DEB148 /* MindvalleyCodingUITestsLaunchTests.swift in Sources */ = {isa = PBXBuildFile; fileRef = 4B9804092B1A686B00DEB148 /* MindvalleyCodingUITestsLaunchTests.swift */; };
		4B9804202B1A6A9100DEB148 /* Channels.json in Resources */ = {isa = PBXBuildFile; fileRef = 4B98041F2B1A6A9100DEB148 /* Channels.json */; };
		4B9804222B1A6AA800DEB148 /* Categories.json in Resources */ = {isa = PBXBuildFile; fileRef = 4B9804212B1A6AA800DEB148 /* Categories.json */; };
		4B9804242B1A6AC100DEB148 /* NewEpisodes.json in Resources */ = {isa = PBXBuildFile; fileRef = 4B9804232B1A6AC100DEB148 /* NewEpisodes.json */; };
		4BD6D4412FBB330700F8250E /* Gilroy-Medium.ttf in Resources */ = {isa = PBXBuildFile; fileRef = 4BD6D43C2FBB330700F8250E /* Gilroy-Medium.ttf */; };
		4BD6D4422FBB330700F8250E /* Gilroy-Thin.ttf in Resources */ = {isa = PBXBuildFile; fileRef = 4BD6D43E2FBB330700F8250E /* Gilroy-Thin.ttf */; };
		4BD6D4432FBB330700F8250E /* Gilroy-Bold.ttf in Resources */ = {isa = PBXBuildFile; fileRef = 4BD6D43B2FBB330700F8250E /* Gilroy-Bold.ttf */; };
		4BD6D4442FBB330700F8250E /* Gilroy-Regular.ttf in Resources */ = {isa = PBXBuildFile; fileRef = 4BD6D43D2FBB330700F8250E /* Gilroy-Regular.ttf */; };
		4BD6D4502FBB340000F8250E /* HTTPMethod.swift in Sources */ = {isa = PBXBuildFile; fileRef = 4BD6D4472FBB340000F8250E /* HTTPMethod.swift */; };
		4BD6D4512FBB340000F8250E /* NetworkMonitor.swift in Sources */ = {isa = PBXBuildFile; fileRef = 4BD6D44B2FBB340000F8250E /* NetworkMonitor.swift */; };
		4BD6D4522FBB340000F8250E /* HTTPTask.swift in Sources */ = {isa = PBXBuildFile; fileRef = 4BD6D4482FBB340000F8250E /* HTTPTask.swift */; };
		4BD6D4532FBB340000F8250E /* NetworkLogger.swift in Sources */ = {isa = PBXBuildFile; fileRef = 4BD6D44A2FBB340000F8250E /* NetworkLogger.swift */; };
		4BD6D4542FBB340000F8250E /* EndPointType.swift in Sources */ = {isa = PBXBuildFile; fileRef = 4BD6D4462FBB340000F8250E /* EndPointType.swift */; };
		4BD6D4552FBB340000F8250E /* NetworkEnvironment.swift in Sources */ = {isa = PBXBuildFile; fileRef = 4BD6D4492FBB340000F8250E /* NetworkEnvironment.swift */; };
		4BD6D4562FBB340000F8250E /* Router.swift in Sources */ = {isa = PBXBuildFile; fileRef = 4BD6D44C2FBB340000F8250E /* Router.swift */; };
		4BD6D4772FBB342400F8250E /* ChannelsViewModel.swift in Sources */ = {isa = PBXBuildFile; fileRef = 4BD6D4632FBB342400F8250E /* ChannelsViewModel.swift */; };
		4BD6D4782FBB342400F8250E /* NewEpisodesCarouselView.swift in Sources */ = {isa = PBXBuildFile; fileRef = 4BD6D46F2FBB342400F8250E /* NewEpisodesCarouselView.swift */; };
		4BD6D4792FBB342400F8250E /* ChannelSectionHeaderView.swift in Sources */ = {isa = PBXBuildFile; fileRef = 4BD6D4692FBB342400F8250E /* ChannelSectionHeaderView.swift */; };
		4BD6D47A2FBB342400F8250E /* Channels+stub.swift in Sources */ = {isa = PBXBuildFile; fileRef = 4BD6D45D2FBB342400F8250E /* Channels+stub.swift */; };
		4BD6D47B2FBB342400F8250E /* Categories.swift in Sources */ = {isa = PBXBuildFile; fileRef = 4BD6D45A2FBB342400F8250E /* Categories.swift */; };
		4BD6D47C2FBB342400F8250E /* HomeView.swift in Sources */ = {isa = PBXBuildFile; fileRef = 4BD6D46D2FBB342400F8250E /* HomeView.swift */; };
		4BD6D47D2FBB342400F8250E /* NewEpisodesViewModel.swift in Sources */ = {isa = PBXBuildFile; fileRef = 4BD6D4652FBB342400F8250E /* NewEpisodesViewModel.swift */; };
		4BD6D47E2FBB342400F8250E /* CategoriesSectionListView.swift in Sources */ = {isa = PBXBuildFile; fileRef = 4BD6D4682FBB342400F8250E /* CategoriesSectionListView.swift */; };
		4BD6D47F2FBB342400F8250E /* HomeDashboardView.swift in Sources */ = {isa = PBXBuildFile; fileRef = 4BD6D46C2FBB342400F8250E /* HomeDashboardView.swift */; };
		4BD6D4802FBB342400F8250E /* Categories+stub.swift in Sources */ = {isa = PBXBuildFile; fileRef = 4BD6D45B2FBB342400F8250E /* Categories+stub.swift */; };
		4BD6D4812FBB342400F8250E /* CategoriesSectionViewModel.swift in Sources */ = {isa = PBXBuildFile; fileRef = 4BD6D4622FBB342400F8250E /* CategoriesSectionViewModel.swift */; };
		4BD6D4822FBB342400F8250E /* SeriesCarouselView.swift in Sources */ = {isa = PBXBuildFile; fileRef = 4BD6D4712FBB342400F8250E /* SeriesCarouselView.swift */; };
		4BD6D4832FBB342400F8250E /* Channels.swift in Sources */ = {isa = PBXBuildFile; fileRef = 4BD6D45C2FBB342400F8250E /* Channels.swift */; };
		4BD6D4842FBB342400F8250E /* SeriesCourseCarouselView.swift in Sources */ = {isa = PBXBuildFile; fileRef = 4BD6D4722FBB342400F8250E /* SeriesCourseCarouselView.swift */; };
		4BD6D4852FBB342400F8250E /* NewEpisodesGridLayoutView.swift in Sources */ = {isa = PBXBuildFile; fileRef = 4BD6D4702FBB342400F8250E /* NewEpisodesGridLayoutView.swift */; };
		4BD6D4862FBB342400F8250E /* NewEpisodes.swift in Sources */ = {isa = PBXBuildFile; fileRef = 4BD6D45E2FBB342400F8250E /* NewEpisodes.swift */; };
		4BD6D4872FBB342400F8250E /* CourseDesignCard.swift in Sources */ = {isa = PBXBuildFile; fileRef = 4BD6D46B2FBB342400F8250E /* CourseDesignCard.swift */; };
		4BD6D4882FBB342400F8250E /* HomeDashboardViewModel.swift in Sources */ = {isa = PBXBuildFile; fileRef = 4BD6D4642FBB342400F8250E /* HomeDashboardViewModel.swift */; };
		4BD6D4892FBB342400F8250E /* NewEpisodesCard.swift in Sources */ = {isa = PBXBuildFile; fileRef = 4BD6D46E2FBB342400F8250E /* NewEpisodesCard.swift */; };
		4BD6D48A2FBB342400F8250E /* NewEpisodes+stub.swift in Sources */ = {isa = PBXBuildFile; fileRef = 4BD6D45F2FBB342400F8250E /* NewEpisodes+stub.swift */; };
		4BD6D48B2FBB342400F8250E /* CourseCarouselView.swift in Sources */ = {isa = PBXBuildFile; fileRef = 4BD6D46A2FBB342400F8250E /* CourseCarouselView.swift */; };
		4BD6D49B2FBB349400F8250E /* ViewLifeCycleModifier.swift in Sources */ = {isa = PBXBuildFile; fileRef = 4BD6D4922FBB349400F8250E /* ViewLifeCycleModifier.swift */; };
		4BD6D49C2FBB349400F8250E /* DividerView.swift in Sources */ = {isa = PBXBuildFile; fileRef = 4BD6D4952FBB349400F8250E /* DividerView.swift */; };
		4BD6D49D2FBB349400F8250E /* ImageCardView.swift in Sources */ = {isa = PBXBuildFile; fileRef = 4BD6D4962FBB349400F8250E /* ImageCardView.swift */; };
		4BD6D49E2FBB349400F8250E /* LoadingIndicatorView.swift in Sources */ = {isa = PBXBuildFile; fileRef = 4BD6D4972FBB349400F8250E /* LoadingIndicatorView.swift */; };
		4BD6D4A72FBB34FE00F8250E /* Color+Ext.swift in Sources */ = {isa = PBXBuildFile; fileRef = 4BD6D4A42FBB34FE00F8250E /* Color+Ext.swift */; };
		4BD6D4A82FBB34FE00F8250E /* Color.swift in Sources */ = {isa = PBXBuildFile; fileRef = 4BD6D4A32FBB34FE00F8250E /* Color.swift */; };
		4BD6D4B22FBB408E00F8250E /* HomeServiceable.swift in Sources */ = {isa = PBXBuildFile; fileRef = 4BD6D4B02FBB408E00F8250E /* HomeServiceable.swift */; };
		4BD6D4B32FBB408E00F8250E /* HomeApiEndPoints.swift in Sources */ = {isa = PBXBuildFile; fileRef = 4BD6D4AA2FBB408E00F8250E /* HomeApiEndPoints.swift */; };
		4BD6D4B42FBB408E00F8250E /* HomeServiceManager.swift in Sources */ = {isa = PBXBuildFile; fileRef = 4BD6D4AD2FBB408E00F8250E /* HomeServiceManager.swift */; };
		4BD6D4BF2FBB447300F8250E /* NewEpisodesGridDetailsView.swift in Sources */ = {isa = PBXBuildFile; fileRef = 4BD6D4BB2FBB447300F8250E /* NewEpisodesGridDetailsView.swift */; };
		4BD6D4C02FBB447300F8250E /* SeriesCarouselDetailView.swift in Sources */ = {isa = PBXBuildFile; fileRef = 4BD6D4BC2FBB447300F8250E /* SeriesCarouselDetailView.swift */; };
		4BD6D4C12FBB447300F8250E /* CourseCarouselDetailView.swift in Sources */ = {isa = PBXBuildFile; fileRef = 4BD6D4BA2FBB447300F8250E /* CourseCarouselDetailView.swift */; };
		4BD6D4C62FBB45E600F8250E /* ReadingLocalFile.swift in Sources */ = {isa = PBXBuildFile; fileRef = 4BD6D4C32FBB45E600F8250E /* ReadingLocalFile.swift */; };
		4BD6D4C72FBB45E600F8250E /* ImageCompressor.swift in Sources */ = {isa = PBXBuildFile; fileRef = 4BD6D4C22FBB45E600F8250E /* ImageCompressor.swift */; };
		4BD6D4C82FBB45E600F8250E /* Utils.swift in Sources */ = {isa = PBXBuildFile; fileRef = 4BD6D4C42FBB45E600F8250E /* Utils.swift */; };
/* End PBXBuildFile section */

/* Begin PBXContainerItemProxy section */
		4B9803FA2B1A686B00DEB148 /* PBXContainerItemProxy */ = {
			isa = PBXContainerItemProxy;
			containerPortal = 4B9803DB2B1A686800DEB148 /* Project object */;
			proxyType = 1;
			remoteGlobalIDString = 4B9803E22B1A686800DEB148;
			remoteInfo = MindvalleyCoding;
		};
		4B9804042B1A686B00DEB148 /* PBXContainerItemProxy */ = {
			isa = PBXContainerItemProxy;
			containerPortal = 4B9803DB2B1A686800DEB148 /* Project object */;
			proxyType = 1;
			remoteGlobalIDString = 4B9803E22B1A686800DEB148;
			remoteInfo = MindvalleyCoding;
		};
/* End PBXContainerItemProxy section */

/* Begin PBXFileReference section */
		4B9803E32B1A686800DEB148 /* MindvalleyCoding.app */ = {isa = PBXFileReference; explicitFileType = wrapper.application; includeInIndex = 0; path = MindvalleyCoding.app; sourceTree = BUILT_PRODUCTS_DIR; };
		4B9803E62B1A686800DEB148 /* AppDelegate.swift */ = {isa = PBXFileReference; lastKnownFileType = sourcecode.swift; path = AppDelegate.swift; sourceTree = "<group>"; };
		4B9803E82B1A686800DEB148 /* SceneDelegate.swift */ = {isa = PBXFileReference; lastKnownFileType = sourcecode.swift; path = SceneDelegate.swift; sourceTree = "<group>"; };
		4B9803EA2B1A686800DEB148 /* ViewController.swift */ = {isa = PBXFileReference; lastKnownFileType = sourcecode.swift; path = ViewController.swift; sourceTree = "<group>"; };
		4B9803ED2B1A686800DEB148 /* Base */ = {isa = PBXFileReference; lastKnownFileType = file.storyboard; name = Base; path = Base.lproj/Main.storyboard; sourceTree = "<group>"; };
		4B9803EF2B1A686A00DEB148 /* Assets.xcassets */ = {isa = PBXFileReference; lastKnownFileType = folder.assetcatalog; path = Assets.xcassets; sourceTree = "<group>"; };
		4B9803F22B1A686A00DEB148 /* Base */ = {isa = PBXFileReference; lastKnownFileType = file.storyboard; name = Base; path = Base.lproj/LaunchScreen.storyboard; sourceTree = "<group>"; };
		4B9803F42B1A686A00DEB148 /* Info.plist */ = {isa = PBXFileReference; lastKnownFileType = text.plist.xml; path = Info.plist; sourceTree = "<group>"; };
		4B9803F92B1A686B00DEB148 /* MindvalleyCodingTests.xctest */ = {isa = PBXFileReference; explicitFileType = wrapper.cfbundle; includeInIndex = 0; path = MindvalleyCodingTests.xctest; sourceTree = BUILT_PRODUCTS_DIR; };
		4B9803FD2B1A686B00DEB148 /* MindvalleyCodingTests.swift */ = {isa = PBXFileReference; lastKnownFileType = sourcecode.swift; path = MindvalleyCodingTests.swift; sourceTree = "<group>"; };
		4B9804032B1A686B00DEB148 /* MindvalleyCodingUITests.xctest */ = {isa = PBXFileReference; explicitFileType = wrapper.cfbundle; includeInIndex = 0; path = MindvalleyCodingUITests.xctest; sourceTree = BUILT_PRODUCTS_DIR; };
		4B9804072B1A686B00DEB148 /* MindvalleyCodingUITests.swift */ = {isa = PBXFileReference; lastKnownFileType = sourcecode.swift; path = MindvalleyCodingUITests.swift; sourceTree = "<group>"; };
		4B9804092B1A686B00DEB148 /* MindvalleyCodingUITestsLaunchTests.swift */ = {isa = PBXFileReference; lastKnownFileType = sourcecode.swift; path = MindvalleyCodingUITestsLaunchTests.swift; sourceTree = "<group>"; };
		4B98041F2B1A6A9100DEB148 /* Channels.json */ = {isa = PBXFileReference; lastKnownFileType = text.json; path = Channels.json; sourceTree = "<group>"; };
		4B9804212B1A6AA800DEB148 /* Categories.json */ = {isa = PBXFileReference; lastKnownFileType = text.json; path = Categories.json; sourceTree = "<group>"; };
		4B9804232B1A6AC100DEB148 /* NewEpisodes.json */ = {isa = PBXFileReference; lastKnownFileType = text.json; path = NewEpisodes.json; sourceTree = "<group>"; };
		4BD6D43B2FBB330700F8250E /* Gilroy-Bold.ttf */ = {isa = PBXFileReference; lastKnownFileType = file; path = "Gilroy-Bold.ttf"; sourceTree = "<group>"; };
		4BD6D43C2FBB330700F8250E /* Gilroy-Medium.ttf */ = {isa = PBXFileReference; lastKnownFileType = file; path = "Gilroy-Medium.ttf"; sourceTree = "<group>"; };
		4BD6D43D2FBB330700F8250E /* Gilroy-Regular.ttf */ = {isa = PBXFileReference; lastKnownFileType = file; path = "Gilroy-Regular.ttf"; sourceTree = "<group>"; };
		4BD6D43E2FBB330700F8250E /* Gilroy-Thin.ttf */ = {isa = PBXFileReference; lastKnownFileType = file; path = "Gilroy-Thin.ttf"; sourceTree = "<group>"; };
		4BD6D4462FBB340000F8250E /* EndPointType.swift */ = {isa = PBXFileReference; lastKnownFileType = sourcecode.swift; path = EndPointType.swift; sourceTree = "<group>"; };
		4BD6D4472FBB340000F8250E /* HTTPMethod.swift */ = {isa = PBXFileReference; lastKnownFileType = sourcecode.swift; path = HTTPMethod.swift; sourceTree = "<group>"; };
		4BD6D4482FBB340000F8250E /* HTTPTask.swift */ = {isa = PBXFileReference; lastKnownFileType = sourcecode.swift; path = HTTPTask.swift; sourceTree = "<group>"; };
		4BD6D4492FBB340000F8250E /* NetworkEnvironment.swift */ = {isa = PBXFileReference; lastKnownFileType = sourcecode.swift; path = NetworkEnvironment.swift; sourceTree = "<group>"; };
		4BD6D44A2FBB340000F8250E /* NetworkLogger.swift */ = {isa = PBXFileReference; lastKnownFileType = sourcecode.swift; path = NetworkLogger.swift; sourceTree = "<group>"; };
		4BD6D44B2FBB340000F8250E /* NetworkMonitor.swift */ = {isa = PBXFileReference; lastKnownFileType = sourcecode.swift; path = NetworkMonitor.swift; sourceTree = "<group>"; };
		4BD6D44C2FBB340000F8250E /* Router.swift */ = {isa = PBXFileReference; lastKnownFileType = sourcecode.swift; path = Router.swift; sourceTree = "<group>"; };
		4BD6D45A2FBB342400F8250E /* Categories.swift */ = {isa = PBXFileReference; lastKnownFileType = sourcecode.swift; path = Categories.swift; sourceTree = "<group>"; };
		4BD6D45B2FBB342400F8250E /* Categories+stub.swift */ = {isa = PBXFileReference; lastKnownFileType = sourcecode.swift; path = "Categories+stub.swift"; sourceTree = "<group>"; };
		4BD6D45C2FBB342400F8250E /* Channels.swift */ = {isa = PBXFileReference; lastKnownFileType = sourcecode.swift; path = Channels.swift; sourceTree = "<group>"; };
		4BD6D45D2FBB342400F8250E /* Channels+stub.swift */ = {isa = PBXFileReference; lastKnownFileType = sourcecode.swift; path = "Channels+stub.swift"; sourceTree = "<group>"; };
		4BD6D45E2FBB342400F8250E /* NewEpisodes.swift */ = {isa = PBXFileReference; lastKnownFileType = sourcecode.swift; path = NewEpisodes.swift; sourceTree = "<group>"; };
		4BD6D45F2FBB342400F8250E /* NewEpisodes+stub.swift */ = {isa = PBXFileReference; lastKnownFileType = sourcecode.swift; path = "NewEpisodes+stub.swift"; sourceTree = "<group>"; };
		4BD6D4622FBB342400F8250E /* CategoriesSectionViewModel.swift */ = {isa = PBXFileReference; lastKnownFileType = sourcecode.swift; path = CategoriesSectionViewModel.swift; sourceTree = "<group>"; };
		4BD6D4632FBB342400F8250E /* ChannelsViewModel.swift */ = {isa = PBXFileReference; lastKnownFileType = sourcecode.swift; path = ChannelsViewModel.swift; sourceTree = "<group>"; };
		4BD6D4642FBB342400F8250E /* HomeDashboardViewModel.swift */ = {isa = PBXFileReference; lastKnownFileType = sourcecode.swift; path = HomeDashboardViewModel.swift; sourceTree = "<group>"; };
		4BD6D4652FBB342400F8250E /* NewEpisodesViewModel.swift */ = {isa = PBXFileReference; lastKnownFileType = sourcecode.swift; path = NewEpisodesViewModel.swift; sourceTree = "<group>"; };
		4BD6D4682FBB342400F8250E /* CategoriesSectionListView.swift */ = {isa = PBXFileReference; lastKnownFileType = sourcecode.swift; path = CategoriesSectionListView.swift; sourceTree = "<group>"; };
		4BD6D4692FBB342400F8250E /* ChannelSectionHeaderView.swift */ = {isa = PBXFileReference; lastKnownFileType = sourcecode.swift; path = ChannelSectionHeaderView.swift; sourceTree = "<group>"; };
		4BD6D46A2FBB342400F8250E /* CourseCarouselView.swift */ = {isa = PBXFileReference; lastKnownFileType = sourcecode.swift; path = CourseCarouselView.swift; sourceTree = "<group>"; };
		4BD6D46B2FBB342400F8250E /* CourseDesignCard.swift */ = {isa = PBXFileReference; lastKnownFileType = sourcecode.swift; path = CourseDesignCard.swift; sourceTree = "<group>"; };
		4BD6D46C2FBB342400F8250E /* HomeDashboardView.swift */ = {isa = PBXFileReference; lastKnownFileType = sourcecode.swift; path = HomeDashboardView.swift; sourceTree = "<group>"; };
		4BD6D46D2FBB342400F8250E /* HomeView.swift */ = {isa = PBXFileReference; lastKnownFileType = sourcecode.swift; path = HomeView.swift; sourceTree = "<group>"; };
		4BD6D46E2FBB342400F8250E /* NewEpisodesCard.swift */ = {isa = PBXFileReference; lastKnownFileType = sourcecode.swift; path = NewEpisodesCard.swift; sourceTree = "<group>"; };
		4BD6D46F2FBB342400F8250E /* NewEpisodesCarouselView.swift */ = {isa = PBXFileReference; lastKnownFileType = sourcecode.swift; path = NewEpisodesCarouselView.swift; sourceTree = "<group>"; };
		4BD6D4702FBB342400F8250E /* NewEpisodesGridLayoutView.swift */ = {isa = PBXFileReference; lastKnownFileType = sourcecode.swift; path = NewEpisodesGridLayoutView.swift; sourceTree = "<group>"; };
		4BD6D4712FBB342400F8250E /* SeriesCarouselView.swift */ = {isa = PBXFileReference; lastKnownFileType = sourcecode.swift; path = SeriesCarouselView.swift; sourceTree = "<group>"; };
		4BD6D4722FBB342400F8250E /* SeriesCourseCarouselView.swift */ = {isa = PBXFileReference; lastKnownFileType = sourcecode.swift; path = SeriesCourseCarouselView.swift; sourceTree = "<group>"; };
		4BD6D4922FBB349400F8250E /* ViewLifeCycleModifier.swift */ = {isa = PBXFileReference; lastKnownFileType = sourcecode.swift; path = ViewLifeCycleModifier.swift; sourceTree = "<group>"; };
		4BD6D4952FBB349400F8250E /* DividerView.swift */ = {isa = PBXFileReference; lastKnownFileType = sourcecode.swift; path = DividerView.swift; sourceTree = "<group>"; };
		4BD6D4962FBB349400F8250E /* ImageCardView.swift */ = {isa = PBXFileReference; lastKnownFileType = sourcecode.swift; path = ImageCardView.swift; sourceTree = "<group>"; };
		4BD6D4972FBB349400F8250E /* LoadingIndicatorView.swift */ = {isa = PBXFileReference; lastKnownFileType = sourcecode.swift; path = LoadingIndicatorView.swift; sourceTree = "<group>"; };
		4BD6D4A32FBB34FE00F8250E /* Color.swift */ = {isa = PBXFileReference; lastKnownFileType = sourcecode.swift; path = Color.swift; sourceTree = "<group>"; };
		4BD6D4A42FBB34FE00F8250E /* Color+Ext.swift */ = {isa = PBXFileReference; lastKnownFileType = sourcecode.swift; path = "Color+Ext.swift"; sourceTree = "<group>"; };
		4BD6D4AA2FBB408E00F8250E /* HomeApiEndPoints.swift */ = {isa = PBXFileReference; lastKnownFileType = sourcecode.swift; path = HomeApiEndPoints.swift; sourceTree = "<group>"; };
		4BD6D4AD2FBB408E00F8250E /* HomeServiceManager.swift */ = {isa = PBXFileReference; lastKnownFileType = sourcecode.swift; path = HomeServiceManager.swift; sourceTree = "<group>"; };
		4BD6D4B02FBB408E00F8250E /* HomeServiceable.swift */ = {isa = PBXFileReference; lastKnownFileType = sourcecode.swift; path = HomeServiceable.swift; sourceTree = "<group>"; };
		4BD6D4BA2FBB447300F8250E /* CourseCarouselDetailView.swift */ = {isa = PBXFileReference; lastKnownFileType = sourcecode.swift; path = CourseCarouselDetailView.swift; sourceTree = "<group>"; };
		4BD6D4BB2FBB447300F8250E /* NewEpisodesGridDetailsView.swift */ = {isa = PBXFileReference; lastKnownFileType = sourcecode.swift; path = NewEpisodesGridDetailsView.swift; sourceTree = "<group>"; };
		4BD6D4BC2FBB447300F8250E /* SeriesCarouselDetailView.swift */ = {isa = PBXFileReference; lastKnownFileType = sourcecode.swift; path = SeriesCarouselDetailView.swift; sourceTree = "<group>"; };
		4BD6D4C22FBB45E600F8250E /* ImageCompressor.swift */ = {isa = PBXFileReference; lastKnownFileType = sourcecode.swift; path = ImageCompressor.swift; sourceTree = "<group>"; };
		4BD6D4C32FBB45E600F8250E /* ReadingLocalFile.swift */ = {isa = PBXFileReference; lastKnownFileType = sourcecode.swift; path = ReadingLocalFile.swift; sourceTree = "<group>"; };
		4BD6D4C42FBB45E600F8250E /* Utils.swift */ = {isa = PBXFileReference; lastKnownFileType = sourcecode.swift; path = Utils.swift; sourceTree = "<group>"; };
/* End PBXFileReference section */

/* Begin PBXFrameworksBuildPhase section */
		4B9803E02B1A686800DEB148 /* Frameworks */ = {
			isa = PBXFrameworksBuildPhase;
			buildActionMask = 2147483647;
			files = (
				4B95BE382B262F7E00000BBE /* SDWebImageSwiftUI in Frameworks */,
			);
			runOnlyForDeploymentPostprocessing = 0;
		};
		4B9803F62B1A686B00DEB148 /* Frameworks */ = {
			isa = PBXFrameworksBuildPhase;
			buildActionMask = 2147483647;
			files = (
			);
			runOnlyForDeploymentPostprocessing = 0;
		};
		4B9804002B1A686B00DEB148 /* Frameworks */ = {
			isa = PBXFrameworksBuildPhase;
			buildActionMask = 2147483647;
			files = (
			);
			runOnlyForDeploymentPostprocessing = 0;
		};
/* End PBXFrameworksBuildPhase section */

/* Begin PBXGroup section */
		4B9803DA2B1A686800DEB148 = {
			isa = PBXGroup;
			children = (
				4B9803E52B1A686800DEB148 /* MindvalleyCoding */,
				4B9803FC2B1A686B00DEB148 /* MindvalleyCodingTests */,
				4B9804062B1A686B00DEB148 /* MindvalleyCodingUITests */,
				4B9803E42B1A686800DEB148 /* Products */,
			);
			sourceTree = "<group>";
		};
		4B9803E42B1A686800DEB148 /* Products */ = {
			isa = PBXGroup;
			children = (
				4B9803E32B1A686800DEB148 /* MindvalleyCoding.app */,
				4B9803F92B1A686B00DEB148 /* MindvalleyCodingTests.xctest */,
				4B9804032B1A686B00DEB148 /* MindvalleyCodingUITests.xctest */,
			);
			name = Products;
			sourceTree = "<group>";
		};
		4B9803E52B1A686800DEB148 /* MindvalleyCoding */ = {
			isa = PBXGroup;
			children = (
				4BD6D4902FBB347D00F8250E /* Shared */,
				4BD6D44F2FBB340000F8250E /* Core */,
				4BD6D4762FBB342400F8250E /* Features */,
				4B9804172B1A688900DEB148 /* App */,
				4B9804162B1A687C00DEB148 /* StoryBoard */,
				4B9803EA2B1A686800DEB148 /* ViewController.swift */,
				4B9803EF2B1A686A00DEB148 /* Assets.xcassets */,
				4B9803F42B1A686A00DEB148 /* Info.plist */,
				4B9804192B1A68D400DEB148 /* Resources */,
			);
			path = MindvalleyCoding;
			sourceTree = "<group>";
		};
		4B9803FC2B1A686B00DEB148 /* MindvalleyCodingTests */ = {
			isa = PBXGroup;
			children = (
				4B9803FD2B1A686B00DEB148 /* MindvalleyCodingTests.swift */,
			);
			path = MindvalleyCodingTests;
			sourceTree = "<group>";
		};
		4B9804062B1A686B00DEB148 /* MindvalleyCodingUITests */ = {
			isa = PBXGroup;
			children = (
				4B9804072B1A686B00DEB148 /* MindvalleyCodingUITests.swift */,
				4B9804092B1A686B00DEB148 /* MindvalleyCodingUITestsLaunchTests.swift */,
			);
			path = MindvalleyCodingUITests;
			sourceTree = "<group>";
		};
		4B9804162B1A687C00DEB148 /* StoryBoard */ = {
			isa = PBXGroup;
			children = (
				4B9803F12B1A686A00DEB148 /* LaunchScreen.storyboard */,
				4B9803EC2B1A686800DEB148 /* Main.storyboard */,
			);
			path = StoryBoard;
			sourceTree = "<group>";
		};
		4B9804172B1A688900DEB148 /* App */ = {
			isa = PBXGroup;
			children = (
				4B9803E82B1A686800DEB148 /* SceneDelegate.swift */,
				4B9803E62B1A686800DEB148 /* AppDelegate.swift */,
			);
			path = App;
			sourceTree = "<group>";
		};
		4B9804192B1A68D400DEB148 /* Resources */ = {
			isa = PBXGroup;
			children = (
				4BD6D43F2FBB330700F8250E /* Fonts */,
				4B98041F2B1A6A9100DEB148 /* Channels.json */,
				4B9804212B1A6AA800DEB148 /* Categories.json */,
				4B9804232B1A6AC100DEB148 /* NewEpisodes.json */,
			);
			path = Resources;
			sourceTree = "<group>";
		};
		4BD6D43F2FBB330700F8250E /* Fonts */ = {
			isa = PBXGroup;
			children = (
				4BD6D43B2FBB330700F8250E /* Gilroy-Bold.ttf */,
				4BD6D43C2FBB330700F8250E /* Gilroy-Medium.ttf */,
				4BD6D43D2FBB330700F8250E /* Gilroy-Regular.ttf */,
				4BD6D43E2FBB330700F8250E /* Gilroy-Thin.ttf */,
			);
			path = Fonts;
			sourceTree = "<group>";
		};
		4BD6D44D2FBB340000F8250E /* Network */ = {
			isa = PBXGroup;
			children = (
				4BD6D4462FBB340000F8250E /* EndPointType.swift */,
				4BD6D4472FBB340000F8250E /* HTTPMethod.swift */,
				4BD6D4482FBB340000F8250E /* HTTPTask.swift */,
				4BD6D4492FBB340000F8250E /* NetworkEnvironment.swift */,
				4BD6D44A2FBB340000F8250E /* NetworkLogger.swift */,
				4BD6D44B2FBB340000F8250E /* NetworkMonitor.swift */,
				4BD6D44C2FBB340000F8250E /* Router.swift */,
			);
			path = Network;
			sourceTree = "<group>";
		};
		4BD6D44F2FBB340000F8250E /* Core */ = {
			isa = PBXGroup;
			children = (
				4BD6D44D2FBB340000F8250E /* Network */,
			);
			path = Core;
			sourceTree = "<group>";
		};
		4BD6D4602FBB342400F8250E /* Model */ = {
			isa = PBXGroup;
			children = (
				4BD6D45A2FBB342400F8250E /* Categories.swift */,
				4BD6D45B2FBB342400F8250E /* Categories+stub.swift */,
				4BD6D45C2FBB342400F8250E /* Channels.swift */,
				4BD6D45D2FBB342400F8250E /* Channels+stub.swift */,
				4BD6D45E2FBB342400F8250E /* NewEpisodes.swift */,
				4BD6D45F2FBB342400F8250E /* NewEpisodes+stub.swift */,
			);
			path = Model;
			sourceTree = "<group>";
		};
		4BD6D4662FBB342400F8250E /* ViewModel */ = {
			isa = PBXGroup;
			children = (
				4BD6D4622FBB342400F8250E /* CategoriesSectionViewModel.swift */,
				4BD6D4632FBB342400F8250E /* ChannelsViewModel.swift */,
				4BD6D4642FBB342400F8250E /* HomeDashboardViewModel.swift */,
				4BD6D4652FBB342400F8250E /* NewEpisodesViewModel.swift */,
			);
			path = ViewModel;
			sourceTree = "<group>";
		};
		4BD6D4732FBB342400F8250E /* Views */ = {
			isa = PBXGroup;
			children = (
				4BD6D4682FBB342400F8250E /* CategoriesSectionListView.swift */,
				4BD6D4692FBB342400F8250E /* ChannelSectionHeaderView.swift */,
				4BD6D46A2FBB342400F8250E /* CourseCarouselView.swift */,
				4BD6D46B2FBB342400F8250E /* CourseDesignCard.swift */,
				4BD6D46C2FBB342400F8250E /* HomeDashboardView.swift */,
				4BD6D46D2FBB342400F8250E /* HomeView.swift */,
				4BD6D46E2FBB342400F8250E /* NewEpisodesCard.swift */,
				4BD6D46F2FBB342400F8250E /* NewEpisodesCarouselView.swift */,
				4BD6D4702FBB342400F8250E /* NewEpisodesGridLayoutView.swift */,
				4BD6D4712FBB342400F8250E /* SeriesCarouselView.swift */,
				4BD6D4722FBB342400F8250E /* SeriesCourseCarouselView.swift */,
			);
			path = Views;
			sourceTree = "<group>";
		};
		4BD6D4742FBB342400F8250E /* HomeDashboard */ = {
			isa = PBXGroup;
			children = (
				4BD6D4662FBB342400F8250E /* ViewModel */,
				4BD6D4602FBB342400F8250E /* Model */,
				4BD6D4732FBB342400F8250E /* Views */,
				4BD6D4AB2FBB408E00F8250E /* HomeEndPoints */,
				4BD6D4AE2FBB408E00F8250E /* Manager */,
				4BD6D4B12FBB408E00F8250E /* Protocol */,
			);
			path = HomeDashboard;
			sourceTree = "<group>";
		};
		4BD6D4762FBB342400F8250E /* Features */ = {
			isa = PBXGroup;
			children = (
				4BD6D4742FBB342400F8250E /* HomeDashboard */,
				4BD6D4BE2FBB447300F8250E /* HomeDashboardDetails */,
			);
			path = Features;
			sourceTree = "<group>";
		};
		4BD6D4902FBB347D00F8250E /* Shared */ = {
			isa = PBXGroup;
			children = (
				4BD6D49A2FBB349400F8250E /* CommonComponents */,
				4BD6D4C52FBB45E600F8250E /* CommonUtils */,
				4BD6D4A52FBB34FE00F8250E /* Extensions */,
			);
			path = Shared;
			sourceTree = "<group>";
		};
		4BD6D4932FBB349400F8250E /* Modifiers */ = {
			isa = PBXGroup;
			children = (
				4BD6D4922FBB349400F8250E /* ViewLifeCycleModifier.swift */,
			);
			path = Modifiers;
			sourceTree = "<group>";
		};
		4BD6D4982FBB349400F8250E /* Views */ = {
			isa = PBXGroup;
			children = (
				4BD6D4952FBB349400F8250E /* DividerView.swift */,
				4BD6D4962FBB349400F8250E /* ImageCardView.swift */,
				4BD6D4972FBB349400F8250E /* LoadingIndicatorView.swift */,
			);
			path = Views;
			sourceTree = "<group>";
		};
		4BD6D49A2FBB349400F8250E /* CommonComponents */ = {
			isa = PBXGroup;
			children = (
				4BD6D4932FBB349400F8250E /* Modifiers */,
				4BD6D4982FBB349400F8250E /* Views */,
			);
			path = CommonComponents;
			sourceTree = "<group>";
		};
		4BD6D4A52FBB34FE00F8250E /* Extensions */ = {
			isa = PBXGroup;
			children = (
				4BD6D4A32FBB34FE00F8250E /* Color.swift */,
				4BD6D4A42FBB34FE00F8250E /* Color+Ext.swift */,
			);
			path = Extensions;
			sourceTree = "<group>";
		};
		4BD6D4AB2FBB408E00F8250E /* HomeEndPoints */ = {
			isa = PBXGroup;
			children = (
				4BD6D4AA2FBB408E00F8250E /* HomeApiEndPoints.swift */,
			);
			path = HomeEndPoints;
			sourceTree = "<group>";
		};
		4BD6D4AE2FBB408E00F8250E /* Manager */ = {
			isa = PBXGroup;
			children = (
				4BD6D4AD2FBB408E00F8250E /* HomeServiceManager.swift */,
			);
			path = Manager;
			sourceTree = "<group>";
		};
		4BD6D4B12FBB408E00F8250E /* Protocol */ = {
			isa = PBXGroup;
			children = (
				4BD6D4B02FBB408E00F8250E /* HomeServiceable.swift */,
			);
			path = Protocol;
			sourceTree = "<group>";
		};
		4BD6D4BD2FBB447300F8250E /* Views */ = {
			isa = PBXGroup;
			children = (
				4BD6D4BA2FBB447300F8250E /* CourseCarouselDetailView.swift */,
				4BD6D4BB2FBB447300F8250E /* NewEpisodesGridDetailsView.swift */,
				4BD6D4BC2FBB447300F8250E /* SeriesCarouselDetailView.swift */,
			);
			path = Views;
			sourceTree = "<group>";
		};
		4BD6D4BE2FBB447300F8250E /* HomeDashboardDetails */ = {
			isa = PBXGroup;
			children = (
				4BD6D4BD2FBB447300F8250E /* Views */,
			);
			path = HomeDashboardDetails;
			sourceTree = "<group>";
		};
		4BD6D4C52FBB45E600F8250E /* CommonUtils */ = {
			isa = PBXGroup;
			children = (
				4BD6D4C22FBB45E600F8250E /* ImageCompressor.swift */,
				4BD6D4C32FBB45E600F8250E /* ReadingLocalFile.swift */,
				4BD6D4C42FBB45E600F8250E /* Utils.swift */,
			);
			path = CommonUtils;
			sourceTree = "<group>";
		};
/* End PBXGroup section */

/* Begin PBXNativeTarget section */
		4B9803E22B1A686800DEB148 /* MindvalleyCoding */ = {
			isa = PBXNativeTarget;
			buildConfigurationList = 4B98040D2B1A686B00DEB148 /* Build configuration list for PBXNativeTarget "MindvalleyCoding" */;
			buildPhases = (
				4B9803DF2B1A686800DEB148 /* Sources */,
				4B9803E02B1A686800DEB148 /* Frameworks */,
				4B9803E12B1A686800DEB148 /* Resources */,
				4BD6D4D02FBB5A8E00F8250E /* ShellScript */,
			);
			buildRules = (
			);
			dependencies = (
			);
			name = MindvalleyCoding;
			packageProductDependencies = (
				4B95BE372B262F7E00000BBE /* SDWebImageSwiftUI */,
			);
			productName = MindvalleyCoding;
			productReference = 4B9803E32B1A686800DEB148 /* MindvalleyCoding.app */;
			productType = "com.apple.product-type.application";
		};
		4B9803F82B1A686B00DEB148 /* MindvalleyCodingTests */ = {
			isa = PBXNativeTarget;
			buildConfigurationList = 4B9804102B1A686B00DEB148 /* Build configuration list for PBXNativeTarget "MindvalleyCodingTests" */;
			buildPhases = (
				4B9803F52B1A686B00DEB148 /* Sources */,
				4B9803F62B1A686B00DEB148 /* Frameworks */,
				4B9803F72B1A686B00DEB148 /* Resources */,
			);
			buildRules = (
			);
			dependencies = (
				4B9803FB2B1A686B00DEB148 /* PBXTargetDependency */,
			);
			name = MindvalleyCodingTests;
			productName = MindvalleyCodingTests;
			productReference = 4B9803F92B1A686B00DEB148 /* MindvalleyCodingTests.xctest */;
			productType = "com.apple.product-type.bundle.unit-test";
		};
		4B9804022B1A686B00DEB148 /* MindvalleyCodingUITests */ = {
			isa = PBXNativeTarget;
			buildConfigurationList = 4B9804132B1A686B00DEB148 /* Build configuration list for PBXNativeTarget "MindvalleyCodingUITests" */;
			buildPhases = (
				4B9803FF2B1A686B00DEB148 /* Sources */,
				4B9804002B1A686B00DEB148 /* Frameworks */,
				4B9804012B1A686B00DEB148 /* Resources */,
			);
			buildRules = (
			);
			dependencies = (
				4B9804052B1A686B00DEB148 /* PBXTargetDependency */,
			);
			name = MindvalleyCodingUITests;
			productName = MindvalleyCodingUITests;
			productReference = 4B9804032B1A686B00DEB148 /* MindvalleyCodingUITests.xctest */;
			productType = "com.apple.product-type.bundle.ui-testing";
		};
/* End PBXNativeTarget section */

/* Begin PBXProject section */
		4B9803DB2B1A686800DEB148 /* Project object */ = {
			isa = PBXProject;
			attributes = {
				BuildIndependentTargetsInParallel = 1;
				LastSwiftUpdateCheck = 1500;
				LastUpgradeCheck = 1500;
				TargetAttributes = {
					4B9803E22B1A686800DEB148 = {
						CreatedOnToolsVersion = 15.0.1;
					};
					4B9803F82B1A686B00DEB148 = {
						CreatedOnToolsVersion = 15.0.1;
						TestTargetID = 4B9803E22B1A686800DEB148;
					};
					4B9804022B1A686B00DEB148 = {
						CreatedOnToolsVersion = 15.0.1;
						TestTargetID = 4B9803E22B1A686800DEB148;
					};
				};
			};
			buildConfigurationList = 4B9803DE2B1A686800DEB148 /* Build configuration list for PBXProject "MindvalleyCoding" */;
			compatibilityVersion = "Xcode 14.0";
			developmentRegion = en;
			hasScannedForEncodings = 0;
			knownRegions = (
				en,
				Base,
			);
			mainGroup = 4B9803DA2B1A686800DEB148;
			packageReferences = (
				4B95BE362B262F7E00000BBE /* XCRemoteSwiftPackageReference "SDWebImageSwiftUI" */,
				4BD6D4C92FBB4B9900F8250E /* XCRemoteSwiftPackageReference "SwiftLint" */,
			);
			productRefGroup = 4B9803E42B1A686800DEB148 /* Products */;
			projectDirPath = "";
			projectRoot = "";
			targets = (
				4B9803E22B1A686800DEB148 /* MindvalleyCoding */,
				4B9803F82B1A686B00DEB148 /* MindvalleyCodingTests */,
				4B9804022B1A686B00DEB148 /* MindvalleyCodingUITests */,
			);
		};
/* End PBXProject section */

/* Begin PBXResourcesBuildPhase section */
		4B9803E12B1A686800DEB148 /* Resources */ = {
			isa = PBXResourcesBuildPhase;
			buildActionMask = 2147483647;
			files = (
				4B9804242B1A6AC100DEB148 /* NewEpisodes.json in Resources */,
				4B9803F32B1A686A00DEB148 /* LaunchScreen.storyboard in Resources */,
				4B9804202B1A6A9100DEB148 /* Channels.json in Resources */,
				4BD6D4412FBB330700F8250E /* Gilroy-Medium.ttf in Resources */,
				4BD6D4422FBB330700F8250E /* Gilroy-Thin.ttf in Resources */,
				4BD6D4432FBB330700F8250E /* Gilroy-Bold.ttf in Resources */,
				4BD6D4442FBB330700F8250E /* Gilroy-Regular.ttf in Resources */,
				4B9803F02B1A686A00DEB148 /* Assets.xcassets in Resources */,
				4B9803EE2B1A686800DEB148 /* Main.storyboard in Resources */,
				4B9804222B1A6AA800DEB148 /* Categories.json in Resources */,
			);
			runOnlyForDeploymentPostprocessing = 0;
		};
		4B9803F72B1A686B00DEB148 /* Resources */ = {
			isa = PBXResourcesBuildPhase;
			buildActionMask = 2147483647;
			files = (
			);
			runOnlyForDeploymentPostprocessing = 0;
		};
		4B9804012B1A686B00DEB148 /* Resources */ = {
			isa = PBXResourcesBuildPhase;
			buildActionMask = 2147483647;
			files = (
			);
			runOnlyForDeploymentPostprocessing = 0;
		};
/* End PBXResourcesBuildPhase section */

/* Begin PBXShellScriptBuildPhase section */
		4BD6D4D02FBB5A8E00F8250E /* ShellScript */ = {
			isa = PBXShellScriptBuildPhase;
			alwaysOutOfDate = 1;
			buildActionMask = 2147483647;
			files = (
			);
			inputFileListPaths = (
			);
			inputPaths = (
			);
			outputFileListPaths = (
			);
			outputPaths = (
			);
			runOnlyForDeploymentPostprocessing = 0;
			shellPath = /bin/sh;
			shellScript = "# SwiftLint - using SPM artifact binary first, then Homebrew\nexport PATH=\\\"/usr/local/bin:/opt/homebrew/bin:$PATH\\\"\n\nSWIFTLINT=\\\"${BUILD_DIR%/Build/*}SourcePackages/artifacts/swiftlint/SwiftLintBinary/SwiftLintBinary.artifactbundle/macos/swiftlint\\\"\n\nif [ -f \\\"$SWIFTLINT\\\" ]; then\n    \\\"$SWIFTLINT\\\"\nelif which swiftlint > /dev/null; then\n    swiftlint\nelse\n    echo \\\"warning: SwiftLint not installed - run 'brew install swiftlint' or resolve SPM packages\\\"\nfi\n";
			showEnvVarsInLog = 0;
		};
/* End PBXShellScriptBuildPhase section */

/* Begin PBXSourcesBuildPhase section */
		4B9803DF2B1A686800DEB148 /* Sources */ = {
			isa = PBXSourcesBuildPhase;
			buildActionMask = 2147483647;
			files = (
				4BD6D4B22FBB408E00F8250E /* HomeServiceable.swift in Sources */,
				4BD6D4B32FBB408E00F8250E /* HomeApiEndPoints.swift in Sources */,
				4BD6D4B42FBB408E00F8250E /* HomeServiceManager.swift in Sources */,
				4B9803EB2B1A686800DEB148 /* ViewController.swift in Sources */,
				4B9803E72B1A686800DEB148 /* AppDelegate.swift in Sources */,
				4B9803E92B1A686800DEB148 /* SceneDelegate.swift in Sources */,
				4BD6D4772FBB342400F8250E /* ChannelsViewModel.swift in Sources */,
				4BD6D4782FBB342400F8250E /* NewEpisodesCarouselView.swift in Sources */,
				4BD6D4792FBB342400F8250E /* ChannelSectionHeaderView.swift in Sources */,
				4BD6D47A2FBB342400F8250E /* Channels+stub.swift in Sources */,
				4BD6D47B2FBB342400F8250E /* Categories.swift in Sources */,
				4BD6D47C2FBB342400F8250E /* HomeView.swift in Sources */,
				4BD6D47D2FBB342400F8250E /* NewEpisodesViewModel.swift in Sources */,
				4BD6D47E2FBB342400F8250E /* CategoriesSectionListView.swift in Sources */,
				4BD6D47F2FBB342400F8250E /* HomeDashboardView.swift in Sources */,
				4BD6D4802FBB342400F8250E /* Categories+stub.swift in Sources */,
				4BD6D4C62FBB45E600F8250E /* ReadingLocalFile.swift in Sources */,
				4BD6D4C72FBB45E600F8250E /* ImageCompressor.swift in Sources */,
				4BD6D4C82FBB45E600F8250E /* Utils.swift in Sources */,
				4BD6D4812FBB342400F8250E /* CategoriesSectionViewModel.swift in Sources */,
				4BD6D4822FBB342400F8250E /* SeriesCarouselView.swift in Sources */,
				4BD6D49B2FBB349400F8250E /* ViewLifeCycleModifier.swift in Sources */,
				4BD6D49C2FBB349400F8250E /* DividerView.swift in Sources */,
				4BD6D4BF2FBB447300F8250E /* NewEpisodesGridDetailsView.swift in Sources */,
				4BD6D4C02FBB447300F8250E /* SeriesCarouselDetailView.swift in Sources */,
				4BD6D4C12FBB447300F8250E /* CourseCarouselDetailView.swift in Sources */,
				4BD6D49D2FBB349400F8250E /* ImageCardView.swift in Sources */,
				4BD6D49E2FBB349400F8250E /* LoadingIndicatorView.swift in Sources */,
				4BD6D4832FBB342400F8250E /* Channels.swift in Sources */,
				4BD6D4842FBB342400F8250E /* SeriesCourseCarouselView.swift in Sources */,
				4BD6D4852FBB342400F8250E /* NewEpisodesGridLayoutView.swift in Sources */,
				4BD6D4862FBB342400F8250E /* NewEpisodes.swift in Sources */,
				4BD6D4872FBB342400F8250E /* CourseDesignCard.swift in Sources */,
				4BD6D4882FBB342400F8250E /* HomeDashboardViewModel.swift in Sources */,
				4BD6D4892FBB342400F8250E /* NewEpisodesCard.swift in Sources */,
				4BD6D4A72FBB34FE00F8250E /* Color+Ext.swift in Sources */,
				4BD6D4A82FBB34FE00F8250E /* Color.swift in Sources */,
				4BD6D48A2FBB342400F8250E /* NewEpisodes+stub.swift in Sources */,
				4BD6D48B2FBB342400F8250E /* CourseCarouselView.swift in Sources */,
				4BD6D4502FBB340000F8250E /* HTTPMethod.swift in Sources */,
				4BD6D4512FBB340000F8250E /* NetworkMonitor.swift in Sources */,
				4BD6D4522FBB340000F8250E /* HTTPTask.swift in Sources */,
				4BD6D4532FBB340000F8250E /* NetworkLogger.swift in Sources */,
				4BD6D4542FBB340000F8250E /* EndPointType.swift in Sources */,
				4BD6D4552FBB340000F8250E /* NetworkEnvironment.swift in Sources */,
				4BD6D4562FBB340000F8250E /* Router.swift in Sources */,
			);
			runOnlyForDeploymentPostprocessing = 0;
		};
		4B9803F52B1A686B00DEB148 /* Sources */ = {
			isa = PBXSourcesBuildPhase;
			buildActionMask = 2147483647;
			files = (
				4B9803FE2B1A686B00DEB148 /* MindvalleyCodingTests.swift in Sources */,
			);
			runOnlyForDeploymentPostprocessing = 0;
		};
		4B9803FF2B1A686B00DEB148 /* Sources */ = {
			isa = PBXSourcesBuildPhase;
			buildActionMask = 2147483647;
			files = (
				4B9804082B1A686B00DEB148 /* MindvalleyCodingUITests.swift in Sources */,
				4B98040A2B1A686B00DEB148 /* MindvalleyCodingUITestsLaunchTests.swift in Sources */,
			);
			runOnlyForDeploymentPostprocessing = 0;
		};
/* End PBXSourcesBuildPhase section */

/* Begin PBXTargetDependency section */
		4B9803FB2B1A686B00DEB148 /* PBXTargetDependency */ = {
			isa = PBXTargetDependency;
			target = 4B9803E22B1A686800DEB148 /* MindvalleyCoding */;
			targetProxy = 4B9803FA2B1A686B00DEB148 /* PBXContainerItemProxy */;
		};
		4B9804052B1A686B00DEB148 /* PBXTargetDependency */ = {
			isa = PBXTargetDependency;
			target = 4B9803E22B1A686800DEB148 /* MindvalleyCoding */;
			targetProxy = 4B9804042B1A686B00DEB148 /* PBXContainerItemProxy */;
		};
/* End PBXTargetDependency section */

/* Begin PBXVariantGroup section */
		4B9803EC2B1A686800DEB148 /* Main.storyboard */ = {
			isa = PBXVariantGroup;
			children = (
				4B9803ED2B1A686800DEB148 /* Base */,
			);
			name = Main.storyboard;
			sourceTree = "<group>";
		};
		4B9803F12B1A686A00DEB148 /* LaunchScreen.storyboard */ = {
			isa = PBXVariantGroup;
			children = (
				4B9803F22B1A686A00DEB148 /* Base */,
			);
			name = LaunchScreen.storyboard;
			sourceTree = "<group>";
		};
/* End PBXVariantGroup section */

/* Begin XCBuildConfiguration section */
		4B98040B2B1A686B00DEB148 /* Debug */ = {
			isa = XCBuildConfiguration;
			buildSettings = {
				ALWAYS_SEARCH_USER_PATHS = NO;
				ASSETCATALOG_COMPILER_GENERATE_SWIFT_ASSET_SYMBOL_EXTENSIONS = YES;
				CLANG_ANALYZER_NONNULL = YES;
				CLANG_ANALYZER_NUMBER_OBJECT_CONVERSION = YES_AGGRESSIVE;
				CLANG_CXX_LANGUAGE_STANDARD = "gnu++20";
				CLANG_ENABLE_MODULES = YES;
				CLANG_ENABLE_OBJC_ARC = YES;
				CLANG_ENABLE_OBJC_WEAK = YES;
				CLANG_WARN_BLOCK_CAPTURE_AUTORELEASING = YES;
				CLANG_WARN_BOOL_CONVERSION = YES;
				CLANG_WARN_COMMA = YES;
				CLANG_WARN_CONSTANT_CONVERSION = YES;
				CLANG_WARN_DEPRECATED_OBJC_IMPLEMENTATIONS = YES;
				CLANG_WARN_DIRECT_OBJC_ISA_USAGE = YES_ERROR;
				CLANG_WARN_DOCUMENTATION_COMMENTS = YES;
				CLANG_WARN_EMPTY_BODY = YES;
				CLANG_WARN_ENUM_CONVERSION = YES;
				CLANG_WARN_INFINITE_RECURSION = YES;
				CLANG_WARN_INT_CONVERSION = YES;
				CLANG_WARN_NON_LITERAL_NULL_CONVERSION = YES;
				CLANG_WARN_OBJC_IMPLICIT_RETAIN_SELF = YES;
				CLANG_WARN_OBJC_LITERAL_CONVERSION = YES;
				CLANG_WARN_OBJC_ROOT_CLASS = YES_ERROR;
				CLANG_WARN_QUOTED_INCLUDE_IN_FRAMEWORK_HEADER = YES;
				CLANG_WARN_RANGE_LOOP_ANALYSIS = YES;
				CLANG_WARN_STRICT_PROTOTYPES = YES;
				CLANG_WARN_SUSPICIOUS_MOVE = YES;
				CLANG_WARN_UNGUARDED_AVAILABILITY = YES_AGGRESSIVE;
				CLANG_WARN_UNREACHABLE_CODE = YES;
				CLANG_WARN__DUPLICATE_METHOD_MATCH = YES;
				COPY_PHASE_STRIP = NO;
				DEBUG_INFORMATION_FORMAT = dwarf;
				ENABLE_STRICT_OBJC_MSGSEND = YES;
				ENABLE_TESTABILITY = YES;
				ENABLE_USER_SCRIPT_SANDBOXING = YES;
				GCC_C_LANGUAGE_STANDARD = gnu17;
				GCC_DYNAMIC_NO_PIC = NO;
				GCC_NO_COMMON_BLOCKS = YES;
				GCC_OPTIMIZATION_LEVEL = 0;
				GCC_PREPROCESSOR_DEFINITIONS = (
					"DEBUG=1",
					"$(inherited)",
				);
				GCC_WARN_64_TO_32_BIT_CONVERSION = YES;
				GCC_WARN_ABOUT_RETURN_TYPE = YES_ERROR;
				GCC_WARN_UNDECLARED_SELECTOR = YES;
				GCC_WARN_UNINITIALIZED_AUTOS = YES_AGGRESSIVE;
				GCC_WARN_UNUSED_FUNCTION = YES;
				GCC_WARN_UNUSED_VARIABLE = YES;
				IPHONEOS_DEPLOYMENT_TARGET = 17.0;
				LOCALIZATION_PREFERS_STRING_CATALOGS = YES;
				MTL_ENABLE_DEBUG_INFO = INCLUDE_SOURCE;
				MTL_FAST_MATH = YES;
				ONLY_ACTIVE_ARCH = YES;
				SDKROOT = iphoneos;
				SWIFT_ACTIVE_COMPILATION_CONDITIONS = "DEBUG $(inherited)";
				SWIFT_OPTIMIZATION_LEVEL = "-Onone";
			};
			name = Debug;
		};
		4B98040C2B1A686B00DEB148 /* Release */ = {
			isa = XCBuildConfiguration;
			buildSettings = {
				ALWAYS_SEARCH_USER_PATHS = NO;
				ASSETCATALOG_COMPILER_GENERATE_SWIFT_ASSET_SYMBOL_EXTENSIONS = YES;
				CLANG_ANALYZER_NONNULL = YES;
				CLANG_ANALYZER_NUMBER_OBJECT_CONVERSION = YES_AGGRESSIVE;
				CLANG_CXX_LANGUAGE_STANDARD = "gnu++20";
				CLANG_ENABLE_MODULES = YES;
				CLANG_ENABLE_OBJC_ARC = YES;
				CLANG_ENABLE_OBJC_WEAK = YES;
				CLANG_WARN_BLOCK_CAPTURE_AUTORELEASING = YES;
				CLANG_WARN_BOOL_CONVERSION = YES;
				CLANG_WARN_COMMA = YES;
				CLANG_WARN_CONSTANT_CONVERSION = YES;
				CLANG_WARN_DEPRECATED_OBJC_IMPLEMENTATIONS = YES;
				CLANG_WARN_DIRECT_OBJC_ISA_USAGE = YES_ERROR;
				CLANG_WARN_DOCUMENTATION_COMMENTS = YES;
				CLANG_WARN_EMPTY_BODY = YES;
				CLANG_WARN_ENUM_CONVERSION = YES;
				CLANG_WARN_INFINITE_RECURSION = YES;
				CLANG_WARN_INT_CONVERSION = YES;
				CLANG_WARN_NON_LITERAL_NULL_CONVERSION = YES;
				CLANG_WARN_OBJC_IMPLICIT_RETAIN_SELF = YES;
				CLANG_WARN_OBJC_LITERAL_CONVERSION = YES;
				CLANG_WARN_OBJC_ROOT_CLASS = YES_ERROR;
				CLANG_WARN_QUOTED_INCLUDE_IN_FRAMEWORK_HEADER = YES;
				CLANG_WARN_RANGE_LOOP_ANALYSIS = YES;
				CLANG_WARN_STRICT_PROTOTYPES = YES;
				CLANG_WARN_SUSPICIOUS_MOVE = YES;
				CLANG_WARN_UNGUARDED_AVAILABILITY = YES_AGGRESSIVE;
				CLANG_WARN_UNREACHABLE_CODE = YES;
				CLANG_WARN__DUPLICATE_METHOD_MATCH = YES;
				COPY_PHASE_STRIP = NO;
				DEBUG_INFORMATION_FORMAT = "dwarf-with-dsym";
				ENABLE_NS_ASSERTIONS = NO;
				ENABLE_STRICT_OBJC_MSGSEND = YES;
				ENABLE_USER_SCRIPT_SANDBOXING = YES;
				GCC_C_LANGUAGE_STANDARD = gnu17;
				GCC_NO_COMMON_BLOCKS = YES;
				GCC_WARN_64_TO_32_BIT_CONVERSION = YES;
				GCC_WARN_ABOUT_RETURN_TYPE = YES_ERROR;
				GCC_WARN_UNDECLARED_SELECTOR = YES;
				GCC_WARN_UNINITIALIZED_AUTOS = YES_AGGRESSIVE;
				GCC_WARN_UNUSED_FUNCTION = YES;
				GCC_WARN_UNUSED_VARIABLE = YES;
				IPHONEOS_DEPLOYMENT_TARGET = 17.0;
				LOCALIZATION_PREFERS_STRING_CATALOGS = YES;
				MTL_ENABLE_DEBUG_INFO = NO;
				MTL_FAST_MATH = YES;
				SDKROOT = iphoneos;
				SWIFT_COMPILATION_MODE = wholemodule;
				VALIDATE_PRODUCT = YES;
			};
			name = Release;
		};
		4B98040E2B1A686B00DEB148 /* Debug */ = {
			isa = XCBuildConfiguration;
			buildSettings = {
				ASSETCATALOG_COMPILER_APPICON_NAME = AppIcon;
				ASSETCATALOG_COMPILER_GLOBAL_ACCENT_COLOR_NAME = AccentColor;
				CODE_SIGN_STYLE = Automatic;
				CURRENT_PROJECT_VERSION = 1;
				ENABLE_USER_SCRIPT_SANDBOXING = NO;
				GENERATE_INFOPLIST_FILE = YES;
				INFOPLIST_FILE = MindvalleyCoding/Info.plist;
				INFOPLIST_KEY_UIApplicationSupportsIndirectInputEvents = YES;
				INFOPLIST_KEY_UILaunchStoryboardName = LaunchScreen;
				INFOPLIST_KEY_UIMainStoryboardFile = Main;
				INFOPLIST_KEY_UISupportedInterfaceOrientations = "UIInterfaceOrientationPortrait UIInterfaceOrientationPortraitUpsideDown";
				IPHONEOS_DEPLOYMENT_TARGET = 16.0;
				LD_RUNPATH_SEARCH_PATHS = (
					"$(inherited)",
					"@executable_path/Frameworks",
				);
				MARKETING_VERSION = 1.0;
				PRODUCT_BUNDLE_IDENTIFIER = com.shoeb.MindvalleyCoding;
				PRODUCT_NAME = "$(TARGET_NAME)";
				SWIFT_EMIT_LOC_STRINGS = YES;
				SWIFT_VERSION = 5.0;
				TARGETED_DEVICE_FAMILY = "1,2";
			};
			name = Debug;
		};
		4B98040F2B1A686B00DEB148 /* Release */ = {
			isa = XCBuildConfiguration;
			buildSettings = {
				ASSETCATALOG_COMPILER_APPICON_NAME = AppIcon;
				ASSETCATALOG_COMPILER_GLOBAL_ACCENT_COLOR_NAME = AccentColor;
				CODE_SIGN_STYLE = Automatic;
				CURRENT_PROJECT_VERSION = 1;
				ENABLE_USER_SCRIPT_SANDBOXING = NO;
				GENERATE_INFOPLIST_FILE = YES;
				INFOPLIST_FILE = MindvalleyCoding/Info.plist;
				INFOPLIST_KEY_UIApplicationSupportsIndirectInputEvents = YES;
				INFOPLIST_KEY_UILaunchStoryboardName = LaunchScreen;
				INFOPLIST_KEY_UIMainStoryboardFile = Main;
				INFOPLIST_KEY_UISupportedInterfaceOrientations = "UIInterfaceOrientationPortrait UIInterfaceOrientationPortraitUpsideDown";
				IPHONEOS_DEPLOYMENT_TARGET = 16.0;
				LD_RUNPATH_SEARCH_PATHS = (
					"$(inherited)",
					"@executable_path/Frameworks",
				);
				MARKETING_VERSION = 1.0;
				PRODUCT_BUNDLE_IDENTIFIER = com.shoeb.MindvalleyCoding;
				PRODUCT_NAME = "$(TARGET_NAME)";
				SWIFT_EMIT_LOC_STRINGS = YES;
				SWIFT_VERSION = 5.0;
				TARGETED_DEVICE_FAMILY = "1,2";
			};
			name = Release;
		};
		4B9804112B1A686B00DEB148 /* Debug */ = {
			isa = XCBuildConfiguration;
			buildSettings = {
				ALWAYS_EMBED_SWIFT_STANDARD_LIBRARIES = YES;
				BUNDLE_LOADER = "$(TEST_HOST)";
				CODE_SIGN_STYLE = Automatic;
				CURRENT_PROJECT_VERSION = 1;
				GENERATE_INFOPLIST_FILE = YES;
				IPHONEOS_DEPLOYMENT_TARGET = 17.0;
				MARKETING_VERSION = 1.0;
				PRODUCT_BUNDLE_IDENTIFIER = com.shoeb.MindvalleyCodingTests;
				PRODUCT_NAME = "$(TARGET_NAME)";
				SWIFT_EMIT_LOC_STRINGS = NO;
				SWIFT_VERSION = 5.0;
				TARGETED_DEVICE_FAMILY = "1,2";
				TEST_HOST = "$(BUILT_PRODUCTS_DIR)/MindvalleyCoding.app/$(BUNDLE_EXECUTABLE_FOLDER_PATH)/MindvalleyCoding";
			};
			name = Debug;
		};
		4B9804122B1A686B00DEB148 /* Release */ = {
			isa = XCBuildConfiguration;
			buildSettings = {
				ALWAYS_EMBED_SWIFT_STANDARD_LIBRARIES = YES;
				BUNDLE_LOADER = "$(TEST_HOST)";
				CODE_SIGN_STYLE = Automatic;
				CURRENT_PROJECT_VERSION = 1;
				GENERATE_INFOPLIST_FILE = YES;
				IPHONEOS_DEPLOYMENT_TARGET = 17.0;
				MARKETING_VERSION = 1.0;
				PRODUCT_BUNDLE_IDENTIFIER = com.shoeb.MindvalleyCodingTests;
				PRODUCT_NAME = "$(TARGET_NAME)";
				SWIFT_EMIT_LOC_STRINGS = NO;
				SWIFT_VERSION = 5.0;
				TARGETED_DEVICE_FAMILY = "1,2";
				TEST_HOST = "$(BUILT_PRODUCTS_DIR)/MindvalleyCoding.app/$(BUNDLE_EXECUTABLE_FOLDER_PATH)/MindvalleyCoding";
			};
			name = Release;
		};
		4B9804142B1A686B00DEB148 /* Debug */ = {
			isa = XCBuildConfiguration;
			buildSettings = {
				ALWAYS_EMBED_SWIFT_STANDARD_LIBRARIES = YES;
				CODE_SIGN_STYLE = Automatic;
				CURRENT_PROJECT_VERSION = 1;
				GENERATE_INFOPLIST_FILE = YES;
				MARKETING_VERSION = 1.0;
				PRODUCT_BUNDLE_IDENTIFIER = com.shoeb.MindvalleyCodingUITests;
				PRODUCT_NAME = "$(TARGET_NAME)";
				SWIFT_EMIT_LOC_STRINGS = NO;
				SWIFT_VERSION = 5.0;
				TARGETED_DEVICE_FAMILY = "1,2";
				TEST_TARGET_NAME = MindvalleyCoding;
			};
			name = Debug;
		};
		4B9804152B1A686B00DEB148 /* Release */ = {
			isa = XCBuildConfiguration;
			buildSettings = {
				ALWAYS_EMBED_SWIFT_STANDARD_LIBRARIES = YES;
				CODE_SIGN_STYLE = Automatic;
				CURRENT_PROJECT_VERSION = 1;
				GENERATE_INFOPLIST_FILE = YES;
				MARKETING_VERSION = 1.0;
				PRODUCT_BUNDLE_IDENTIFIER = com.shoeb.MindvalleyCodingUITests;
				PRODUCT_NAME = "$(TARGET_NAME)";
				SWIFT_EMIT_LOC_STRINGS = NO;
				SWIFT_VERSION = 5.0;
				TARGETED_DEVICE_FAMILY = "1,2";
				TEST_TARGET_NAME = MindvalleyCoding;
			};
			name = Release;
		};
/* End XCBuildConfiguration section */

/* Begin XCConfigurationList section */
		4B9803DE2B1A686800DEB148 /* Build configuration list for PBXProject "MindvalleyCoding" */ = {
			isa = XCConfigurationList;
			buildConfigurations = (
				4B98040B2B1A686B00DEB148 /* Debug */,
				4B98040C2B1A686B00DEB148 /* Release */,
			);
			defaultConfigurationIsVisible = 0;
			defaultConfigurationName = Release;
		};
		4B98040D2B1A686B00DEB148 /* Build configuration list for PBXNativeTarget "MindvalleyCoding" */ = {
			isa = XCConfigurationList;
			buildConfigurations = (
				4B98040E2B1A686B00DEB148 /* Debug */,
				4B98040F2B1A686B00DEB148 /* Release */,
			);
			defaultConfigurationIsVisible = 0;
			defaultConfigurationName = Release;
		};
		4B9804102B1A686B00DEB148 /* Build configuration list for PBXNativeTarget "MindvalleyCodingTests" */ = {
			isa = XCConfigurationList;
			buildConfigurations = (
				4B9804112B1A686B00DEB148 /* Debug */,
				4B9804122B1A686B00DEB148 /* Release */,
			);
			defaultConfigurationIsVisible = 0;
			defaultConfigurationName = Release;
		};
		4B9804132B1A686B00DEB148 /* Build configuration list for PBXNativeTarget "MindvalleyCodingUITests" */ = {
			isa = XCConfigurationList;
			buildConfigurations = (
				4B9804142B1A686B00DEB148 /* Debug */,
				4B9804152B1A686B00DEB148 /* Release */,
			);
			defaultConfigurationIsVisible = 0;
			defaultConfigurationName = Release;
		};
/* End XCConfigurationList section */

/* Begin XCRemoteSwiftPackageReference section */
		4B95BE362B262F7E00000BBE /* XCRemoteSwiftPackageReference "SDWebImageSwiftUI" */ = {
			isa = XCRemoteSwiftPackageReference;
			repositoryURL = "https://github.com/SDWebImage/SDWebImageSwiftUI.git";
			requirement = {
				kind = upToNextMajorVersion;
				minimumVersion = 2.2.5;
			};
		};
		4BD6D4C92FBB4B9900F8250E /* XCRemoteSwiftPackageReference "SwiftLint" */ = {
			isa = XCRemoteSwiftPackageReference;
			repositoryURL = "https://github.com/realm/SwiftLint";
			requirement = {
				kind = upToNextMajorVersion;
				minimumVersion = 0.63.2;
			};
		};
/* End XCRemoteSwiftPackageReference section */

/* Begin XCSwiftPackageProductDependency section */
		4B95BE372B262F7E00000BBE /* SDWebImageSwiftUI */ = {
			isa = XCSwiftPackageProductDependency;
			package = 4B95BE362B262F7E00000BBE /* XCRemoteSwiftPackageReference "SDWebImageSwiftUI" */;
			productName = SDWebImageSwiftUI;
		};
/* End XCSwiftPackageProductDependency section */
	};
	rootObject = 4B9803DB2B1A686800DEB148 /* Project object */;
}
