// !$*UTF8*$!
{
	archiveVersion = 1;
	classes = {
	};
	objectVersion = 56;
	objects = {

/* Begin PBXBuildFile section */
		4B9803E72B1A686800DEB148 /* AppDelegate.swift in Sources */ = {isa = PBXBuildFile; fileRef = 4B9803E62B1A686800DEB148 /* AppDelegate.swift */; };
		4B9803E92B1A686800DEB148 /* SceneDelegate.swift in Sources */ = {isa = PBXBuildFile; fileRef = 4B9803E82B1A686800DEB148 /* SceneDelegate.swift */; };
		4B9803EB2B1A686800DEB148 /* ViewController.swift in Sources */ = {isa = PBXBuildFile; fileRef = 4B9803EA2B1A686800DEB148 /* ViewController.swift */; };
		4B9803EE2B1A686800DEB148 /* Main.storyboard in Resources */ = {isa = PBXBuildFile; fileRef = 4B9803EC2B1A686800DEB148 /* Main.storyboard */; };
		4B9803F02B1A686A00DEB148 /* Assets.xcassets in Resources */ = {isa = PBXBuildFile; fileRef = 4B9803EF2B1A686A00DEB148 /* Assets.xcassets */; };
		4B9803F32B1A686A00DEB148 /* LaunchScreen.storyboard in Resources */ = {isa = PBXBuildFile; fileRef = 4B9803F12B1A686A00DEB148 /* LaunchScreen.storyboard */; };
		4B9803FE2B1A686B00DEB148 /* MindvalleyCodingTests.swift in Sources */ = {isa = PBXBuildFile; fileRef = 4B9803FD2B1A686B00DEB148 /* MindvalleyCodingTests.swift */; };
		4B9804082B1A686B00DEB148 /* MindvalleyCodingUITests.swift in Sources */ = {isa = PBXBuildFile; fileRef = 4B9804072B1A686B00DEB148 /* MindvalleyCodingUITests.swift */; };
		4B98040A2B1A686B00DEB148 /* MindvalleyCodingUITestsLaunchTests.swift in Sources */ = {isa = PBXBuildFile; fileRef = 4B9804092B1A686B00DEB148 /* MindvalleyCodingUITestsLaunchTests.swift */; };
		4B98041E2B1A69CD00DEB148 /* HomeView.swift in Sources */ = {isa = PBXBuildFile; fileRef = 4B98041D2B1A69CD00DEB148 /* HomeView.swift */; };
		4B9804202B1A6A9100DEB148 /* Channels.json in Resources */ = {isa = PBXBuildFile; fileRef = 4B98041F2B1A6A9100DEB148 /* Channels.json */; };
		4B9804222B1A6AA800DEB148 /* Categories.json in Resources */ = {isa = PBXBuildFile; fileRef = 4B9804212B1A6AA800DEB148 /* Categories.json */; };
		4B9804242B1A6AC100DEB148 /* NewEpisodes.json in Resources */ = {isa = PBXBuildFile; fileRef = 4B9804232B1A6AC100DEB148 /* NewEpisodes.json */; };
/* End PBXBuildFile section */

/* Begin PBXContainerItemProxy section */
		4B9803FA2B1A686B00DEB148 /* PBXContainerItemProxy */ = {
			isa = PBXContainerItemProxy;
			containerPortal = 4B9803DB2B1A686800DEB148 /* Project object */;
			proxyType = 1;
			remoteGlobalIDString = 4B9803E22B1A686800DEB148;
			remoteInfo = MindvalleyCoding;
		};
		4B9804042B1A686B00DEB148 /* PBXContainerItemProxy */ = {
			isa = PBXContainerItemProxy;
			containerPortal = 4B9803DB2B1A686800DEB148 /* Project object */;
			proxyType = 1;
			remoteGlobalIDString = 4B9803E22B1A686800DEB148;
			remoteInfo = MindvalleyCoding;
		};
/* End PBXContainerItemProxy section */

/* Begin PBXFileReference section */
		4B9803E32B1A686800DEB148 /* MindvalleyCoding.app */ = {isa = PBXFileReference; explicitFileType = wrapper.application; includeInIndex = 0; path = MindvalleyCoding.app; sourceTree = BUILT_PRODUCTS_DIR; };
		4B9803E62B1A686800DEB148 /* AppDelegate.swift */ = {isa = PBXFileReference; lastKnownFileType = sourcecode.swift; path = AppDelegate.swift; sourceTree = "<group>"; };
		4B9803E82B1A686800DEB148 /* SceneDelegate.swift */ = {isa = PBXFileReference; lastKnownFileType = sourcecode.swift; path = SceneDelegate.swift; sourceTree = "<group>"; };
		4B9803EA2B1A686800DEB148 /* ViewController.swift */ = {isa = PBXFileReference; lastKnownFileType = sourcecode.swift; path = ViewController.swift; sourceTree = "<group>"; };
		4B9803ED2B1A686800DEB148 /* Base */ = {isa = PBXFileReference; lastKnownFileType = file.storyboard; name = Base; path = Base.lproj/Main.storyboard; sourceTree = "<group>"; };
		4B9803EF2B1A686A00DEB148 /* Assets.xcassets */ = {isa = PBXFileReference; lastKnownFileType = folder.assetcatalog; path = Assets.xcassets; sourceTree = "<group>"; };
		4B9803F22B1A686A00DEB148 /* Base */ = {isa = PBXFileReference; lastKnownFileType = file.storyboard; name = Base; path = Base.lproj/LaunchScreen.storyboard; sourceTree = "<group>"; };
		4B9803F42B1A686A00DEB148 /* Info.plist */ = {isa = PBXFileReference; lastKnownFileType = text.plist.xml; path = Info.plist; sourceTree = "<group>"; };
		4B9803F92B1A686B00DEB148 /* MindvalleyCodingTests.xctest */ = {isa = PBXFileReference; explicitFileType = wrapper.cfbundle; includeInIndex = 0; path = MindvalleyCodingTests.xctest; sourceTree = BUILT_PRODUCTS_DIR; };
		4B9803FD2B1A686B00DEB148 /* MindvalleyCodingTests.swift */ = {isa = PBXFileReference; lastKnownFileType = sourcecode.swift; path = MindvalleyCodingTests.swift; sourceTree = "<group>"; };
		4B9804032B1A686B00DEB148 /* MindvalleyCodingUITests.xctest */ = {isa = PBXFileReference; explicitFileType = wrapper.cfbundle; includeInIndex = 0; path = MindvalleyCodingUITests.xctest; sourceTree = BUILT_PRODUCTS_DIR; };
		4B9804072B1A686B00DEB148 /* MindvalleyCodingUITests.swift */ = {isa = PBXFileReference; lastKnownFileType = sourcecode.swift; path = MindvalleyCodingUITests.swift; sourceTree = "<group>"; };
		4B9804092B1A686B00DEB148 /* MindvalleyCodingUITestsLaunchTests.swift */ = {isa = PBXFileReference; lastKnownFileType = sourcecode.swift; path = MindvalleyCodingUITestsLaunchTests.swift; sourceTree = "<group>"; };
		4B98041D2B1A69CD00DEB148 /* HomeView.swift */ = {isa = PBXFileReference; lastKnownFileType = sourcecode.swift; path = HomeView.swift; sourceTree = "<group>"; };
		4B98041F2B1A6A9100DEB148 /* Channels.json */ = {isa = PBXFileReference; lastKnownFileType = text.json; path = Channels.json; sourceTree = "<group>"; };
		4B9804212B1A6AA800DEB148 /* Categories.json */ = {isa = PBXFileReference; lastKnownFileType = text.json; path = Categories.json; sourceTree = "<group>"; };
		4B9804232B1A6AC100DEB148 /* NewEpisodes.json */ = {isa = PBXFileReference; lastKnownFileType = text.json; path = NewEpisodes.json; sourceTree = "<group>"; };
/* End PBXFileReference section */

/* Begin PBXFrameworksBuildPhase section */
		4B9803E02B1A686800DEB148 /* Frameworks */ = {
			isa = PBXFrameworksBuildPhase;
			buildActionMask = 2147483647;
			files = (
			);
			runOnlyForDeploymentPostprocessing = 0;
		};
		4B9803F62B1A686B00DEB148 /* Frameworks */ = {
			isa = PBXFrameworksBuildPhase;
			buildActionMask = 2147483647;
			files = (
			);
			runOnlyForDeploymentPostprocessing = 0;
		};
		4B9804002B1A686B00DEB148 /* Frameworks */ = {
			isa = PBXFrameworksBuildPhase;
			buildActionMask = 2147483647;
			files = (
			);
			runOnlyForDeploymentPostprocessing = 0;
		};
/* End PBXFrameworksBuildPhase section */

/* Begin PBXGroup section */
		4B9803DA2B1A686800DEB148 = {
			isa = PBXGroup;
			children = (
				4B9803E52B1A686800DEB148 /* MindvalleyCoding */,
				4B9803FC2B1A686B00DEB148 /* MindvalleyCodingTests */,
				4B9804062B1A686B00DEB148 /* MindvalleyCodingUITests */,
				4B9803E42B1A686800DEB148 /* Products */,
			);
			sourceTree = "<group>";
		};
		4B9803E42B1A686800DEB148 /* Products */ = {
			isa = PBXGroup;
			children = (
				4B9803E32B1A686800DEB148 /* MindvalleyCoding.app */,
				4B9803F92B1A686B00DEB148 /* MindvalleyCodingTests.xctest */,
				4B9804032B1A686B00DEB148 /* MindvalleyCodingUITests.xctest */,
			);
			name = Products;
			sourceTree = "<group>";
		};
		4B9803E52B1A686800DEB148 /* MindvalleyCoding */ = {
			isa = PBXGroup;
			children = (
				4B9804182B1A689300DEB148 /* Source */,
				4B9804172B1A688900DEB148 /* App */,
				4B9804162B1A687C00DEB148 /* StoryBoard */,
				4B9803EA2B1A686800DEB148 /* ViewController.swift */,
				4B9803EF2B1A686A00DEB148 /* Assets.xcassets */,
				4B9803F42B1A686A00DEB148 /* Info.plist */,
				4B9804192B1A68D400DEB148 /* Resource */,
			);
			path = MindvalleyCoding;
			sourceTree = "<group>";
		};
		4B9803FC2B1A686B00DEB148 /* MindvalleyCodingTests */ = {
			isa = PBXGroup;
			children = (
				4B9803FD2B1A686B00DEB148 /* MindvalleyCodingTests.swift */,
			);
			path = MindvalleyCodingTests;
			sourceTree = "<group>";
		};
		4B9804062B1A686B00DEB148 /* MindvalleyCodingUITests */ = {
			isa = PBXGroup;
			children = (
				4B9804072B1A686B00DEB148 /* MindvalleyCodingUITests.swift */,
				4B9804092B1A686B00DEB148 /* MindvalleyCodingUITestsLaunchTests.swift */,
			);
			path = MindvalleyCodingUITests;
			sourceTree = "<group>";
		};
		4B9804162B1A687C00DEB148 /* StoryBoard */ = {
			isa = PBXGroup;
			children = (
				4B9803F12B1A686A00DEB148 /* LaunchScreen.storyboard */,
				4B9803EC2B1A686800DEB148 /* Main.storyboard */,
			);
			path = StoryBoard;
			sourceTree = "<group>";
		};
		4B9804172B1A688900DEB148 /* App */ = {
			isa = PBXGroup;
			children = (
				4B9803E82B1A686800DEB148 /* SceneDelegate.swift */,
				4B9803E62B1A686800DEB148 /* AppDelegate.swift */,
			);
			path = App;
			sourceTree = "<group>";
		};
		4B9804182B1A689300DEB148 /* Source */ = {
			isa = PBXGroup;
			children = (
				4B98041A2B1A692C00DEB148 /* Module */,
			);
			path = Source;
			sourceTree = "<group>";
		};
		4B9804192B1A68D400DEB148 /* Resource */ = {
			isa = PBXGroup;
			children = (
				4B98041F2B1A6A9100DEB148 /* Channels.json */,
				4B9804212B1A6AA800DEB148 /* Categories.json */,
				4B9804232B1A6AC100DEB148 /* NewEpisodes.json */,
			);
			path = Resource;
			sourceTree = "<group>";
		};
		4B98041A2B1A692C00DEB148 /* Module */ = {
			isa = PBXGroup;
			children = (
				4B98041B2B1A693800DEB148 /* HomeScreen */,
			);
			path = Module;
			sourceTree = "<group>";
		};
		4B98041B2B1A693800DEB148 /* HomeScreen */ = {
			isa = PBXGroup;
			children = (
				4B98041C2B1A696E00DEB148 /* Views */,
			);
			path = HomeScreen;
			sourceTree = "<group>";
		};
		4B98041C2B1A696E00DEB148 /* Views */ = {
			isa = PBXGroup;
			children = (
				4B98041D2B1A69CD00DEB148 /* HomeView.swift */,
			);
			path = Views;
			sourceTree = "<group>";
		};
/* End PBXGroup section */

/* Begin PBXNativeTarget section */
		4B9803E22B1A686800DEB148 /* MindvalleyCoding */ = {
			isa = PBXNativeTarget;
			buildConfigurationList = 4B98040D2B1A686B00DEB148 /* Build configuration list for PBXNativeTarget "MindvalleyCoding" */;
			buildPhases = (
				4B9803DF2B1A686800DEB148 /* Sources */,
				4B9803E02B1A686800DEB148 /* Frameworks */,
				4B9803E12B1A686800DEB148 /* Resources */,
			);
			buildRules = (
			);
			dependencies = (
			);
			name = MindvalleyCoding;
			productName = MindvalleyCoding;
			productReference = 4B9803E32B1A686800DEB148 /* MindvalleyCoding.app */;
			productType = "com.apple.product-type.application";
		};
		4B9803F82B1A686B00DEB148 /* MindvalleyCodingTests */ = {
			isa = PBXNativeTarget;
			buildConfigurationList = 4B9804102B1A686B00DEB148 /* Build configuration list for PBXNativeTarget "MindvalleyCodingTests" */;
			buildPhases = (
				4B9803F52B1A686B00DEB148 /* Sources */,
				4B9803F62B1A686B00DEB148 /* Frameworks */,
				4B9803F72B1A686B00DEB148 /* Resources */,
			);
			buildRules = (
			);
			dependencies = (
				4B9803FB2B1A686B00DEB148 /* PBXTargetDependency */,
			);
			name = MindvalleyCodingTests;
			productName = MindvalleyCodingTests;
			productReference = 4B9803F92B1A686B00DEB148 /* MindvalleyCodingTests.xctest */;
			productType = "com.apple.product-type.bundle.unit-test";
		};
		4B9804022B1A686B00DEB148 /* MindvalleyCodingUITests */ = {
			isa = PBXNativeTarget;
			buildConfigurationList = 4B9804132B1A686B00DEB148 /* Build configuration list for PBXNativeTarget "MindvalleyCodingUITests" */;
			buildPhases = (
				4B9803FF2B1A686B00DEB148 /* Sources */,
				4B9804002B1A686B00DEB148 /* Frameworks */,
				4B9804012B1A686B00DEB148 /* Resources */,
			);
			buildRules = (
			);
			dependencies = (
				4B9804052B1A686B00DEB148 /* PBXTargetDependency */,
			);
			name = MindvalleyCodingUITests;
			productName = MindvalleyCodingUITests;
			productReference = 4B9804032B1A686B00DEB148 /* MindvalleyCodingUITests.xctest */;
			productType = "com.apple.product-type.bundle.ui-testing";
		};
/* End PBXNativeTarget section */

/* Begin PBXProject section */
		4B9803DB2B1A686800DEB148 /* Project object */ = {
			isa = PBXProject;
			attributes = {
				BuildIndependentTargetsInParallel = 1;
				LastSwiftUpdateCheck = 1500;
				LastUpgradeCheck = 1500;
				TargetAttributes = {
					4B9803E22B1A686800DEB148 = {
						CreatedOnToolsVersion = 15.0.1;
					};
					4B9803F82B1A686B00DEB148 = {
						CreatedOnToolsVersion = 15.0.1;
						TestTargetID = 4B9803E22B1A686800DEB148;
					};
					4B9804022B1A686B00DEB148 = {
						CreatedOnToolsVersion = 15.0.1;
						TestTargetID = 4B9803E22B1A686800DEB148;
					};
				};
			};
			buildConfigurationList = 4B9803DE2B1A686800DEB148 /* Build configuration list for PBXProject "MindvalleyCoding" */;
			compatibilityVersion = "Xcode 14.0";
			developmentRegion = en;
			hasScannedForEncodings = 0;
			knownRegions = (
				en,
				Base,
			);
			mainGroup = 4B9803DA2B1A686800DEB148;
			productRefGroup = 4B9803E42B1A686800DEB148 /* Products */;
			projectDirPath = "";
			projectRoot = "";
			targets = (
				4B9803E22B1A686800DEB148 /* MindvalleyCoding */,
				4B9803F82B1A686B00DEB148 /* MindvalleyCodingTests */,
				4B9804022B1A686B00DEB148 /* MindvalleyCodingUITests */,
			);
		};
/* End PBXProject section */

/* Begin PBXResourcesBuildPhase section */
		4B9803E12B1A686800DEB148 /* Resources */ = {
			isa = PBXResourcesBuildPhase;
			buildActionMask = 2147483647;
			files = (
				4B9804242B1A6AC100DEB148 /* NewEpisodes.json in Resources */,
				4B9803F32B1A686A00DEB148 /* LaunchScreen.storyboard in Resources */,
				4B9804202B1A6A9100DEB148 /* Channels.json in Resources */,
				4B9803F02B1A686A00DEB148 /* Assets.xcassets in Resources */,
				4B9803EE2B1A686800DEB148 /* Main.storyboard in Resources */,
				4B9804222B1A6AA800DEB148 /* Categories.json in Resources */,
			);
			runOnlyForDeploymentPostprocessing = 0;
		};
		4B9803F72B1A686B00DEB148 /* Resources */ = {
			isa = PBXResourcesBuildPhase;
			buildActionMask = 2147483647;
			files = (
			);
			runOnlyForDeploymentPostprocessing = 0;
		};
		4B9804012B1A686B00DEB148 /* Resources */ = {
			isa = PBXResourcesBuildPhase;
			buildActionMask = 2147483647;
			files = (
			);
			runOnlyForDeploymentPostprocessing = 0;
		};
/* End PBXResourcesBuildPhase section */

/* Begin PBXSourcesBuildPhase section */
		4B9803DF2B1A686800DEB148 /* Sources */ = {
			isa = PBXSourcesBuildPhase;
			buildActionMask = 2147483647;
			files = (
				4B9803EB2B1A686800DEB148 /* ViewController.swift in Sources */,
				4B98041E2B1A69CD00DEB148 /* HomeView.swift in Sources */,
				4B9803E72B1A686800DEB148 /* AppDelegate.swift in Sources */,
				4B9803E92B1A686800DEB148 /* SceneDelegate.swift in Sources */,
			);
			runOnlyForDeploymentPostprocessing = 0;
		};
		4B9803F52B1A686B00DEB148 /* Sources */ = {
			isa = PBXSourcesBuildPhase;
			buildActionMask = 2147483647;
			files = (
				4B9803FE2B1A686B00DEB148 /* MindvalleyCodingTests.swift in Sources */,
			);
			runOnlyForDeploymentPostprocessing = 0;
		};
		4B9803FF2B1A686B00DEB148 /* Sources */ = {
			isa = PBXSourcesBuildPhase;
			buildActionMask = 2147483647;
			files = (
				4B9804082B1A686B00DEB148 /* MindvalleyCodingUITests.swift in Sources */,
				4B98040A2B1A686B00DEB148 /* MindvalleyCodingUITestsLaunchTests.swift in Sources */,
			);
			runOnlyForDeploymentPostprocessing = 0;
		};
/* End PBXSourcesBuildPhase section */

/* Begin PBXTargetDependency section */
		4B9803FB2B1A686B00DEB148 /* PBXTargetDependency */ = {
			isa = PBXTargetDependency;
			target = 4B9803E22B1A686800DEB148 /* MindvalleyCoding */;
			targetProxy = 4B9803FA2B1A686B00DEB148 /* PBXContainerItemProxy */;
		};
		4B9804052B1A686B00DEB148 /* PBXTargetDependency */ = {
			isa = PBXTargetDependency;
			target = 4B9803E22B1A686800DEB148 /* MindvalleyCoding */;
			targetProxy = 4B9804042B1A686B00DEB148 /* PBXContainerItemProxy */;
		};
/* End PBXTargetDependency section */

/* Begin PBXVariantGroup section */
		4B9803EC2B1A686800DEB148 /* Main.storyboard */ = {
			isa = PBXVariantGroup;
			children = (
				4B9803ED2B1A686800DEB148 /* Base */,
			);
			name = Main.storyboard;
			sourceTree = "<group>";
		};
		4B9803F12B1A686A00DEB148 /* LaunchScreen.storyboard */ = {
			isa = PBXVariantGroup;
			children = (
				4B9803F22B1A686A00DEB148 /* Base */,
			);
			name = LaunchScreen.storyboard;
			sourceTree = "<group>";
		};
/* End PBXVariantGroup section */

/* Begin XCBuildConfiguration section */
		4B98040B2B1A686B00DEB148 /* Debug */ = {
			isa = XCBuildConfiguration;
			buildSettings = {
				ALWAYS_SEARCH_USER_PATHS = NO;
				ASSETCATALOG_COMPILER_GENERATE_SWIFT_ASSET_SYMBOL_EXTENSIONS = YES;
				CLANG_ANALYZER_NONNULL = YES;
				CLANG_ANALYZER_NUMBER_OBJECT_CONVERSION = YES_AGGRESSIVE;
				CLANG_CXX_LANGUAGE_STANDARD = "gnu++20";
				CLANG_ENABLE_MODULES = YES;
				CLANG_ENABLE_OBJC_ARC = YES;
				CLANG_ENABLE_OBJC_WEAK = YES;
				CLANG_WARN_BLOCK_CAPTURE_AUTORELEASING = YES;
				CLANG_WARN_BOOL_CONVERSION = YES;
				CLANG_WARN_COMMA = YES;
				CLANG_WARN_CONSTANT_CONVERSION = YES;
				CLANG_WARN_DEPRECATED_OBJC_IMPLEMENTATIONS = YES;
				CLANG_WARN_DIRECT_OBJC_ISA_USAGE = YES_ERROR;
				CLANG_WARN_DOCUMENTATION_COMMENTS = YES;
				CLANG_WARN_EMPTY_BODY = YES;
				CLANG_WARN_ENUM_CONVERSION = YES;
				CLANG_WARN_INFINITE_RECURSION = YES;
				CLANG_WARN_INT_CONVERSION = YES;
				CLANG_WARN_NON_LITERAL_NULL_CONVERSION = YES;
				CLANG_WARN_OBJC_IMPLICIT_RETAIN_SELF = YES;
				CLANG_WARN_OBJC_LITERAL_CONVERSION = YES;
				CLANG_WARN_OBJC_ROOT_CLASS = YES_ERROR;
				CLANG_WARN_QUOTED_INCLUDE_IN_FRAMEWORK_HEADER = YES;
				CLANG_WARN_RANGE_LOOP_ANALYSIS = YES;
				CLANG_WARN_STRICT_PROTOTYPES = YES;
				CLANG_WARN_SUSPICIOUS_MOVE = YES;
				CLANG_WARN_UNGUARDED_AVAILABILITY = YES_AGGRESSIVE;
				CLANG_WARN_UNREACHABLE_CODE = YES;
				CLANG_WARN__DUPLICATE_METHOD_MATCH = YES;
				COPY_PHASE_STRIP = NO;
				DEBUG_INFORMATION_FORMAT = dwarf;
				ENABLE_STRICT_OBJC_MSGSEND = YES;
				ENABLE_TESTABILITY = YES;
				ENABLE_USER_SCRIPT_SANDBOXING = YES;
				GCC_C_LANGUAGE_STANDARD = gnu17;
				GCC_DYNAMIC_NO_PIC = NO;
				GCC_NO_COMMON_BLOCKS = YES;
				GCC_OPTIMIZATION_LEVEL = 0;
				GCC_PREPROCESSOR_DEFINITIONS = (
					"DEBUG=1",
					"$(inherited)",
				);
				GCC_WARN_64_TO_32_BIT_CONVERSION = YES;
				GCC_WARN_ABOUT_RETURN_TYPE = YES_ERROR;
				GCC_WARN_UNDECLARED_SELECTOR = YES;
				GCC_WARN_UNINITIALIZED_AUTOS = YES_AGGRESSIVE;
				GCC_WARN_UNUSED_FUNCTION = YES;
				GCC_WARN_UNUSED_VARIABLE = YES;
				IPHONEOS_DEPLOYMENT_TARGET = 17.0;
				LOCALIZATION_PREFERS_STRING_CATALOGS = YES;
				MTL_ENABLE_DEBUG_INFO = INCLUDE_SOURCE;
				MTL_FAST_MATH = YES;
				ONLY_ACTIVE_ARCH = YES;
				SDKROOT = iphoneos;
				SWIFT_ACTIVE_COMPILATION_CONDITIONS = "DEBUG $(inherited)";
				SWIFT_OPTIMIZATION_LEVEL = "-Onone";
			};
			name = Debug;
		};
		4B98040C2B1A686B00DEB148 /* Release */ = {
			isa = XCBuildConfiguration;
			buildSettings = {
				ALWAYS_SEARCH_USER_PATHS = NO;
				ASSETCATALOG_COMPILER_GENERATE_SWIFT_ASSET_SYMBOL_EXTENSIONS = YES;
				CLANG_ANALYZER_NONNULL = YES;
				CLANG_ANALYZER_NUMBER_OBJECT_CONVERSION = YES_AGGRESSIVE;
				CLANG_CXX_LANGUAGE_STANDARD = "gnu++20";
				CLANG_ENABLE_MODULES = YES;
				CLANG_ENABLE_OBJC_ARC = YES;
				CLANG_ENABLE_OBJC_WEAK = YES;
				CLANG_WARN_BLOCK_CAPTURE_AUTORELEASING = YES;
				CLANG_WARN_BOOL_CONVERSION = YES;
				CLANG_WARN_COMMA = YES;
				CLANG_WARN_CONSTANT_CONVERSION = YES;
				CLANG_WARN_DEPRECATED_OBJC_IMPLEMENTATIONS = YES;
				CLANG_WARN_DIRECT_OBJC_ISA_USAGE = YES_ERROR;
				CLANG_WARN_DOCUMENTATION_COMMENTS = YES;
				CLANG_WARN_EMPTY_BODY = YES;
				CLANG_WARN_ENUM_CONVERSION = YES;
				CLANG_WARN_INFINITE_RECURSION = YES;
				CLANG_WARN_INT_CONVERSION = YES;
				CLANG_WARN_NON_LITERAL_NULL_CONVERSION = YES;
				CLANG_WARN_OBJC_IMPLICIT_RETAIN_SELF = YES;
				CLANG_WARN_OBJC_LITERAL_CONVERSION = YES;
				CLANG_WARN_OBJC_ROOT_CLASS = YES_ERROR;
				CLANG_WARN_QUOTED_INCLUDE_IN_FRAMEWORK_HEADER = YES;
				CLANG_WARN_RANGE_LOOP_ANALYSIS = YES;
				CLANG_WARN_STRICT_PROTOTYPES = YES;
				CLANG_WARN_SUSPICIOUS_MOVE = YES;
				CLANG_WARN_UNGUARDED_AVAILABILITY = YES_AGGRESSIVE;
				CLANG_WARN_UNREACHABLE_CODE = YES;
				CLANG_WARN__DUPLICATE_METHOD_MATCH = YES;
				COPY_PHASE_STRIP = NO;
				DEBUG_INFORMATION_FORMAT = "dwarf-with-dsym";
				ENABLE_NS_ASSERTIONS = NO;
				ENABLE_STRICT_OBJC_MSGSEND = YES;
				ENABLE_USER_SCRIPT_SANDBOXING = YES;
				GCC_C_LANGUAGE_STANDARD = gnu17;
				GCC_NO_COMMON_BLOCKS = YES;
				GCC_WARN_64_TO_32_BIT_CONVERSION = YES;
				GCC_WARN_ABOUT_RETURN_TYPE = YES_ERROR;
				GCC_WARN_UNDECLARED_SELECTOR = YES;
				GCC_WARN_UNINITIALIZED_AUTOS = YES_AGGRESSIVE;
				GCC_WARN_UNUSED_FUNCTION = YES;
				GCC_WARN_UNUSED_VARIABLE = YES;
				IPHONEOS_DEPLOYMENT_TARGET = 17.0;
				LOCALIZATION_PREFERS_STRING_CATALOGS = YES;
				MTL_ENABLE_DEBUG_INFO = NO;
				MTL_FAST_MATH = YES;
				SDKROOT = iphoneos;
				SWIFT_COMPILATION_MODE = wholemodule;
				VALIDATE_PRODUCT = YES;
			};
			name = Release;
		};
		4B98040E2B1A686B00DEB148 /* Debug */ = {
			isa = XCBuildConfiguration;
			buildSettings = {
				ASSETCATALOG_COMPILER_APPICON_NAME = AppIcon;
				ASSETCATALOG_COMPILER_GLOBAL_ACCENT_COLOR_NAME = AccentColor;
				CODE_SIGN_STYLE = Automatic;
				CURRENT_PROJECT_VERSION = 1;
				GENERATE_INFOPLIST_FILE = YES;
				INFOPLIST_FILE = MindvalleyCoding/Info.plist;
				INFOPLIST_KEY_UIApplicationSupportsIndirectInputEvents = YES;
				INFOPLIST_KEY_UILaunchStoryboardName = LaunchScreen;
				INFOPLIST_KEY_UIMainStoryboardFile = Main;
				INFOPLIST_KEY_UISupportedInterfaceOrientations_iPad = "UIInterfaceOrientationPortrait UIInterfaceOrientationPortraitUpsideDown UIInterfaceOrientationLandscapeLeft UIInterfaceOrientationLandscapeRight";
				INFOPLIST_KEY_UISupportedInterfaceOrientations_iPhone = "UIInterfaceOrientationPortrait UIInterfaceOrientationLandscapeLeft UIInterfaceOrientationLandscapeRight";
				LD_RUNPATH_SEARCH_PATHS = (
					"$(inherited)",
					"@executable_path/Frameworks",
				);
				MARKETING_VERSION = 1.0;
				PRODUCT_BUNDLE_IDENTIFIER = com.shoeb.MindvalleyCoding;
				PRODUCT_NAME = "$(TARGET_NAME)";
				SWIFT_EMIT_LOC_STRINGS = YES;
				SWIFT_VERSION = 5.0;
				TARGETED_DEVICE_FAMILY = "1,2";
			};
			name = Debug;
		};
		4B98040F2B1A686B00DEB148 /* Release */ = {
			isa = XCBuildConfiguration;
			buildSettings = {
				ASSETCATALOG_COMPILER_APPICON_NAME = AppIcon;
				ASSETCATALOG_COMPILER_GLOBAL_ACCENT_COLOR_NAME = AccentColor;
				CODE_SIGN_STYLE = Automatic;
				CURRENT_PROJECT_VERSION = 1;
				GENERATE_INFOPLIST_FILE = YES;
				INFOPLIST_FILE = MindvalleyCoding/Info.plist;
				INFOPLIST_KEY_UIApplicationSupportsIndirectInputEvents = YES;
				INFOPLIST_KEY_UILaunchStoryboardName = LaunchScreen;
				INFOPLIST_KEY_UIMainStoryboardFile = Main;
				INFOPLIST_KEY_UISupportedInterfaceOrientations_iPad = "UIInterfaceOrientationPortrait UIInterfaceOrientationPortraitUpsideDown UIInterfaceOrientationLandscapeLeft UIInterfaceOrientationLandscapeRight";
				INFOPLIST_KEY_UISupportedInterfaceOrientations_iPhone = "UIInterfaceOrientationPortrait UIInterfaceOrientationLandscapeLeft UIInterfaceOrientationLandscapeRight";
				LD_RUNPATH_SEARCH_PATHS = (
					"$(inherited)",
					"@executable_path/Frameworks",
				);
				MARKETING_VERSION = 1.0;
				PRODUCT_BUNDLE_IDENTIFIER = com.shoeb.MindvalleyCoding;
				PRODUCT_NAME = "$(TARGET_NAME)";
				SWIFT_EMIT_LOC_STRINGS = YES;
				SWIFT_VERSION = 5.0;
				TARGETED_DEVICE_FAMILY = "1,2";
			};
			name = Release;
		};
		4B9804112B1A686B00DEB148 /* Debug */ = {
			isa = XCBuildConfiguration;
			buildSettings = {
				ALWAYS_EMBED_SWIFT_STANDARD_LIBRARIES = YES;
				BUNDLE_LOADER = "$(TEST_HOST)";
				CODE_SIGN_STYLE = Automatic;
				CURRENT_PROJECT_VERSION = 1;
				GENERATE_INFOPLIST_FILE = YES;
				IPHONEOS_DEPLOYMENT_TARGET = 17.0;
				MARKETING_VERSION = 1.0;
				PRODUCT_BUNDLE_IDENTIFIER = com.shoeb.MindvalleyCodingTests;
				PRODUCT_NAME = "$(TARGET_NAME)";
				SWIFT_EMIT_LOC_STRINGS = NO;
				SWIFT_VERSION = 5.0;
				TARGETED_DEVICE_FAMILY = "1,2";
				TEST_HOST = "$(BUILT_PRODUCTS_DIR)/MindvalleyCoding.app/$(BUNDLE_EXECUTABLE_FOLDER_PATH)/MindvalleyCoding";
			};
			name = Debug;
		};
		4B9804122B1A686B00DEB148 /* Release */ = {
			isa = XCBuildConfiguration;
			buildSettings = {
				ALWAYS_EMBED_SWIFT_STANDARD_LIBRARIES = YES;
				BUNDLE_LOADER = "$(TEST_HOST)";
				CODE_SIGN_STYLE = Automatic;
				CURRENT_PROJECT_VERSION = 1;
				GENERATE_INFOPLIST_FILE = YES;
				IPHONEOS_DEPLOYMENT_TARGET = 17.0;
				MARKETING_VERSION = 1.0;
				PRODUCT_BUNDLE_IDENTIFIER = com.shoeb.MindvalleyCodingTests;
				PRODUCT_NAME = "$(TARGET_NAME)";
				SWIFT_EMIT_LOC_STRINGS = NO;
				SWIFT_VERSION = 5.0;
				TARGETED_DEVICE_FAMILY = "1,2";
				TEST_HOST = "$(BUILT_PRODUCTS_DIR)/MindvalleyCoding.app/$(BUNDLE_EXECUTABLE_FOLDER_PATH)/MindvalleyCoding";
			};
			name = Release;
		};
		4B9804142B1A686B00DEB148 /* Debug */ = {
			isa = XCBuildConfiguration;
			buildSettings = {
				ALWAYS_EMBED_SWIFT_STANDARD_LIBRARIES = YES;
				CODE_SIGN_STYLE = Automatic;
				CURRENT_PROJECT_VERSION = 1;
				GENERATE_INFOPLIST_FILE = YES;
				MARKETING_VERSION = 1.0;
				PRODUCT_BUNDLE_IDENTIFIER = com.shoeb.MindvalleyCodingUITests;
				PRODUCT_NAME = "$(TARGET_NAME)";
				SWIFT_EMIT_LOC_STRINGS = NO;
				SWIFT_VERSION = 5.0;
				TARGETED_DEVICE_FAMILY = "1,2";
				TEST_TARGET_NAME = MindvalleyCoding;
			};
			name = Debug;
		};
		4B9804152B1A686B00DEB148 /* Release */ = {
			isa = XCBuildConfiguration;
			buildSettings = {
				ALWAYS_EMBED_SWIFT_STANDARD_LIBRARIES = YES;
				CODE_SIGN_STYLE = Automatic;
				CURRENT_PROJECT_VERSION = 1;
				GENERATE_INFOPLIST_FILE = YES;
				MARKETING_VERSION = 1.0;
				PRODUCT_BUNDLE_IDENTIFIER = com.shoeb.MindvalleyCodingUITests;
				PRODUCT_NAME = "$(TARGET_NAME)";
				SWIFT_EMIT_LOC_STRINGS = NO;
				SWIFT_VERSION = 5.0;
				TARGETED_DEVICE_FAMILY = "1,2";
				TEST_TARGET_NAME = MindvalleyCoding;
			};
			name = Release;
		};
/* End XCBuildConfiguration section */

/* Begin XCConfigurationList section */
		4B9803DE2B1A686800DEB148 /* Build configuration list for PBXProject "MindvalleyCoding" */ = {
			isa = XCConfigurationList;
			buildConfigurations = (
				4B98040B2B1A686B00DEB148 /* Debug */,
				4B98040C2B1A686B00DEB148 /* Release */,
			);
			defaultConfigurationIsVisible = 0;
			defaultConfigurationName = Release;
		};
		4B98040D2B1A686B00DEB148 /* Build configuration list for PBXNativeTarget "MindvalleyCoding" */ = {
			isa = XCConfigurationList;
			buildConfigurations = (
				4B98040E2B1A686B00DEB148 /* Debug */,
				4B98040F2B1A686B00DEB148 /* Release */,
			);
			defaultConfigurationIsVisible = 0;
			defaultConfigurationName = Release;
		};
		4B9804102B1A686B00DEB148 /* Build configuration list for PBXNativeTarget "MindvalleyCodingTests" */ = {
			isa = XCConfigurationList;
			buildConfigurations = (
				4B9804112B1A686B00DEB148 /* Debug */,
				4B9804122B1A686B00DEB148 /* Release */,
			);
			defaultConfigurationIsVisible = 0;
			defaultConfigurationName = Release;
		};
		4B9804132B1A686B00DEB148 /* Build configuration list for PBXNativeTarget "MindvalleyCodingUITests" */ = {
			isa = XCConfigurationList;
			buildConfigurations = (
				4B9804142B1A686B00DEB148 /* Debug */,
				4B9804152B1A686B00DEB148 /* Release */,
			);
			defaultConfigurationIsVisible = 0;
			defaultConfigurationName = Release;
		};
/* End XCConfigurationList section */
	};
	rootObject = 4B9803DB2B1A686800DEB148 /* Project object */;
}
