// !$*UTF8*$!
{
	archiveVersion = 1;
	classes = {
	};
	objectVersion = 56;
	objects = {

/* Begin PBXBuildFile section */
		4B86583A2B1BA3C300D01483 /* CachedAsyncImage in Frameworks */ = {isa = PBXBuildFile; productRef = 4B8658392B1BA3C300D01483 /* CachedAsyncImage */; };
		4B86583C2B1BA42600D01483 /* NewEpisodes+stub.swift in Sources */ = {isa = PBXBuildFile; fileRef = 4B86583B2B1BA42600D01483 /* NewEpisodes+stub.swift */; };
		4B86583E2B1BA43F00D01483 /* Categories+stub.swift in Sources */ = {isa = PBXBuildFile; fileRef = 4B86583D2B1BA43F00D01483 /* Categories+stub.swift */; };
		4B8658402B1BA45000D01483 /* Channels+stub.swift in Sources */ = {isa = PBXBuildFile; fileRef = 4B86583F2B1BA45000D01483 /* Channels+stub.swift */; };
		4B8658422B1BA4A200D01483 /* Utils.swift in Sources */ = {isa = PBXBuildFile; fileRef = 4B8658412B1BA4A200D01483 /* Utils.swift */; };
		4B8658442B1BA78500D01483 /* ReadingLocalFile.swift in Sources */ = {isa = PBXBuildFile; fileRef = 4B8658432B1BA78500D01483 /* ReadingLocalFile.swift */; };
		4B8658462B1BAE5300D01483 /* NewEpisodesCarouselView.swift in Sources */ = {isa = PBXBuildFile; fileRef = 4B8658452B1BAE5300D01483 /* NewEpisodesCarouselView.swift */; };
		4B8658482B1BB40500D01483 /* NewEpisodesViewModel.swift in Sources */ = {isa = PBXBuildFile; fileRef = 4B8658472B1BB40500D01483 /* NewEpisodesViewModel.swift */; };
		4B86584A2B1BCC3E00D01483 /* ImageCardView.swift in Sources */ = {isa = PBXBuildFile; fileRef = 4B8658492B1BCC3E00D01483 /* ImageCardView.swift */; };
		4B86584C2B1BDBD700D01483 /* ChannelsViewModel.swift in Sources */ = {isa = PBXBuildFile; fileRef = 4B86584B2B1BDBD700D01483 /* ChannelsViewModel.swift */; };
		4B9803E72B1A686800DEB148 /* AppDelegate.swift in Sources */ = {isa = PBXBuildFile; fileRef = 4B9803E62B1A686800DEB148 /* AppDelegate.swift */; };
		4B9803E92B1A686800DEB148 /* SceneDelegate.swift in Sources */ = {isa = PBXBuildFile; fileRef = 4B9803E82B1A686800DEB148 /* SceneDelegate.swift */; };
		4B9803EB2B1A686800DEB148 /* ViewController.swift in Sources */ = {isa = PBXBuildFile; fileRef = 4B9803EA2B1A686800DEB148 /* ViewController.swift */; };
		4B9803EE2B1A686800DEB148 /* Main.storyboard in Resources */ = {isa = PBXBuildFile; fileRef = 4B9803EC2B1A686800DEB148 /* Main.storyboard */; };
		4B9803F02B1A686A00DEB148 /* Assets.xcassets in Resources */ = {isa = PBXBuildFile; fileRef = 4B9803EF2B1A686A00DEB148 /* Assets.xcassets */; };
		4B9803F32B1A686A00DEB148 /* LaunchScreen.storyboard in Resources */ = {isa = PBXBuildFile; fileRef = 4B9803F12B1A686A00DEB148 /* LaunchScreen.storyboard */; };
		4B9803FE2B1A686B00DEB148 /* MindvalleyCodingTests.swift in Sources */ = {isa = PBXBuildFile; fileRef = 4B9803FD2B1A686B00DEB148 /* MindvalleyCodingTests.swift */; };
		4B9804082B1A686B00DEB148 /* MindvalleyCodingUITests.swift in Sources */ = {isa = PBXBuildFile; fileRef = 4B9804072B1A686B00DEB148 /* MindvalleyCodingUITests.swift */; };
		4B98040A2B1A686B00DEB148 /* MindvalleyCodingUITestsLaunchTests.swift in Sources */ = {isa = PBXBuildFile; fileRef = 4B9804092B1A686B00DEB148 /* MindvalleyCodingUITestsLaunchTests.swift */; };
		4B98041E2B1A69CD00DEB148 /* HomeView.swift in Sources */ = {isa = PBXBuildFile; fileRef = 4B98041D2B1A69CD00DEB148 /* HomeView.swift */; };
		4B9804202B1A6A9100DEB148 /* Channels.json in Resources */ = {isa = PBXBuildFile; fileRef = 4B98041F2B1A6A9100DEB148 /* Channels.json */; };
		4B9804222B1A6AA800DEB148 /* Categories.json in Resources */ = {isa = PBXBuildFile; fileRef = 4B9804212B1A6AA800DEB148 /* Categories.json */; };
		4B9804242B1A6AC100DEB148 /* NewEpisodes.json in Resources */ = {isa = PBXBuildFile; fileRef = 4B9804232B1A6AC100DEB148 /* NewEpisodes.json */; };
		4B9804292B1A6C5200DEB148 /* Router.swift in Sources */ = {isa = PBXBuildFile; fileRef = 4B9804282B1A6C5200DEB148 /* Router.swift */; };
		4B98042B2B1A6C6900DEB148 /* NetworkLogger.swift in Sources */ = {isa = PBXBuildFile; fileRef = 4B98042A2B1A6C6900DEB148 /* NetworkLogger.swift */; };
		4B98042D2B1A6C7F00DEB148 /* HTTPTask.swift in Sources */ = {isa = PBXBuildFile; fileRef = 4B98042C2B1A6C7F00DEB148 /* HTTPTask.swift */; };
		4B98042F2B1A6C9200DEB148 /* HTTPMethod.swift in Sources */ = {isa = PBXBuildFile; fileRef = 4B98042E2B1A6C9200DEB148 /* HTTPMethod.swift */; };
		4B9804312B1A6CA300DEB148 /* EndPointType.swift in Sources */ = {isa = PBXBuildFile; fileRef = 4B9804302B1A6CA300DEB148 /* EndPointType.swift */; };
		4B9804332B1A6CCF00DEB148 /* NetworkEnvironment.swift in Sources */ = {isa = PBXBuildFile; fileRef = 4B9804322B1A6CCF00DEB148 /* NetworkEnvironment.swift */; };
		4B9804362B1A6F9F00DEB148 /* HomeApiEndPoints.swift in Sources */ = {isa = PBXBuildFile; fileRef = 4B9804352B1A6F9F00DEB148 /* HomeApiEndPoints.swift */; };
		4B9804382B1B159B00DEB148 /* Color.swift in Sources */ = {isa = PBXBuildFile; fileRef = 4B9804372B1B159B00DEB148 /* Color.swift */; };
		4B98043A2B1B15AD00DEB148 /* Color+Ext.swift in Sources */ = {isa = PBXBuildFile; fileRef = 4B9804392B1B15AD00DEB148 /* Color+Ext.swift */; };
		4B98043E2B1B180500DEB148 /* NetworkMonitor.swift in Sources */ = {isa = PBXBuildFile; fileRef = 4B98043D2B1B180500DEB148 /* NetworkMonitor.swift */; };
		4B9804422B1B3AA900DEB148 /* CategoriesSectionListView.swift in Sources */ = {isa = PBXBuildFile; fileRef = 4B9804412B1B3AA900DEB148 /* CategoriesSectionListView.swift */; };
		4B9804452B1B4E2400DEB148 /* Categories.swift in Sources */ = {isa = PBXBuildFile; fileRef = 4B9804442B1B4E2400DEB148 /* Categories.swift */; };
		4B9804472B1B502A00DEB148 /* Channels.swift in Sources */ = {isa = PBXBuildFile; fileRef = 4B9804462B1B502A00DEB148 /* Channels.swift */; };
		4B9804492B1B50E200DEB148 /* NewEpisodes.swift in Sources */ = {isa = PBXBuildFile; fileRef = 4B9804482B1B50E200DEB148 /* NewEpisodes.swift */; };
		4B98044C2B1B6D5F00DEB148 /* CategoriesSectionViewModel.swift in Sources */ = {isa = PBXBuildFile; fileRef = 4B98044B2B1B6D5F00DEB148 /* CategoriesSectionViewModel.swift */; };
		4B98044F2B1B727800DEB148 /* ChannelServiceable.swift in Sources */ = {isa = PBXBuildFile; fileRef = 4B98044E2B1B727800DEB148 /* ChannelServiceable.swift */; };
		4B9804522B1B730500DEB148 /* HomeServiceManager.swift in Sources */ = {isa = PBXBuildFile; fileRef = 4B9804512B1B730500DEB148 /* HomeServiceManager.swift */; };
		4B9804542B1B73DE00DEB148 /* HomeServiceable.swift in Sources */ = {isa = PBXBuildFile; fileRef = 4B9804532B1B73DE00DEB148 /* HomeServiceable.swift */; };
		4B9804572B1B81AE00DEB148 /* Gilroy-Regular.ttf in Resources */ = {isa = PBXBuildFile; fileRef = 4B9804562B1B81AE00DEB148 /* Gilroy-Regular.ttf */; };
		4B9804592B1B833E00DEB148 /* Gilroy-Bold.ttf in Resources */ = {isa = PBXBuildFile; fileRef = 4B9804582B1B833E00DEB148 /* Gilroy-Bold.ttf */; };
		4B98045B2B1B836D00DEB148 /* Gilroy-Thin.ttf in Resources */ = {isa = PBXBuildFile; fileRef = 4B98045A2B1B836D00DEB148 /* Gilroy-Thin.ttf */; };
		4B98045D2B1BA14800DEB148 /* NewEpisodesCard.swift in Sources */ = {isa = PBXBuildFile; fileRef = 4B98045C2B1BA14800DEB148 /* NewEpisodesCard.swift */; };
/* End PBXBuildFile section */

/* Begin PBXContainerItemProxy section */
		4B9803FA2B1A686B00DEB148 /* PBXContainerItemProxy */ = {
			isa = PBXContainerItemProxy;
			containerPortal = 4B9803DB2B1A686800DEB148 /* Project object */;
			proxyType = 1;
			remoteGlobalIDString = 4B9803E22B1A686800DEB148;
			remoteInfo = MindvalleyCoding;
		};
		4B9804042B1A686B00DEB148 /* PBXContainerItemProxy */ = {
			isa = PBXContainerItemProxy;
			containerPortal = 4B9803DB2B1A686800DEB148 /* Project object */;
			proxyType = 1;
			remoteGlobalIDString = 4B9803E22B1A686800DEB148;
			remoteInfo = MindvalleyCoding;
		};
/* End PBXContainerItemProxy section */

/* Begin PBXFileReference section */
		4B86583B2B1BA42600D01483 /* NewEpisodes+stub.swift */ = {isa = PBXFileReference; lastKnownFileType = sourcecode.swift; path = "NewEpisodes+stub.swift"; sourceTree = "<group>"; };
		4B86583D2B1BA43F00D01483 /* Categories+stub.swift */ = {isa = PBXFileReference; lastKnownFileType = sourcecode.swift; path = "Categories+stub.swift"; sourceTree = "<group>"; };
		4B86583F2B1BA45000D01483 /* Channels+stub.swift */ = {isa = PBXFileReference; lastKnownFileType = sourcecode.swift; path = "Channels+stub.swift"; sourceTree = "<group>"; };
		4B8658412B1BA4A200D01483 /* Utils.swift */ = {isa = PBXFileReference; lastKnownFileType = sourcecode.swift; path = Utils.swift; sourceTree = "<group>"; };
		4B8658432B1BA78500D01483 /* ReadingLocalFile.swift */ = {isa = PBXFileReference; lastKnownFileType = sourcecode.swift; path = ReadingLocalFile.swift; sourceTree = "<group>"; };
		4B8658452B1BAE5300D01483 /* NewEpisodesCarouselView.swift */ = {isa = PBXFileReference; lastKnownFileType = sourcecode.swift; path = NewEpisodesCarouselView.swift; sourceTree = "<group>"; };
		4B8658472B1BB40500D01483 /* NewEpisodesViewModel.swift */ = {isa = PBXFileReference; lastKnownFileType = sourcecode.swift; path = NewEpisodesViewModel.swift; sourceTree = "<group>"; };
		4B8658492B1BCC3E00D01483 /* ImageCardView.swift */ = {isa = PBXFileReference; lastKnownFileType = sourcecode.swift; path = ImageCardView.swift; sourceTree = "<group>"; };
		4B86584B2B1BDBD700D01483 /* ChannelsViewModel.swift */ = {isa = PBXFileReference; lastKnownFileType = sourcecode.swift; path = ChannelsViewModel.swift; sourceTree = "<group>"; };
		4B9803E32B1A686800DEB148 /* MindvalleyCoding.app */ = {isa = PBXFileReference; explicitFileType = wrapper.application; includeInIndex = 0; path = MindvalleyCoding.app; sourceTree = BUILT_PRODUCTS_DIR; };
		4B9803E62B1A686800DEB148 /* AppDelegate.swift */ = {isa = PBXFileReference; lastKnownFileType = sourcecode.swift; path = AppDelegate.swift; sourceTree = "<group>"; };
		4B9803E82B1A686800DEB148 /* SceneDelegate.swift */ = {isa = PBXFileReference; lastKnownFileType = sourcecode.swift; path = SceneDelegate.swift; sourceTree = "<group>"; };
		4B9803EA2B1A686800DEB148 /* ViewController.swift */ = {isa = PBXFileReference; lastKnownFileType = sourcecode.swift; path = ViewController.swift; sourceTree = "<group>"; };
		4B9803ED2B1A686800DEB148 /* Base */ = {isa = PBXFileReference; lastKnownFileType = file.storyboard; name = Base; path = Base.lproj/Main.storyboard; sourceTree = "<group>"; };
		4B9803EF2B1A686A00DEB148 /* Assets.xcassets */ = {isa = PBXFileReference; lastKnownFileType = folder.assetcatalog; path = Assets.xcassets; sourceTree = "<group>"; };
		4B9803F22B1A686A00DEB148 /* Base */ = {isa = PBXFileReference; lastKnownFileType = file.storyboard; name = Base; path = Base.lproj/LaunchScreen.storyboard; sourceTree = "<group>"; };
		4B9803F42B1A686A00DEB148 /* Info.plist */ = {isa = PBXFileReference; lastKnownFileType = text.plist.xml; path = Info.plist; sourceTree = "<group>"; };
		4B9803F92B1A686B00DEB148 /* MindvalleyCodingTests.xctest */ = {isa = PBXFileReference; explicitFileType = wrapper.cfbundle; includeInIndex = 0; path = MindvalleyCodingTests.xctest; sourceTree = BUILT_PRODUCTS_DIR; };
		4B9803FD2B1A686B00DEB148 /* MindvalleyCodingTests.swift */ = {isa = PBXFileReference; lastKnownFileType = sourcecode.swift; path = MindvalleyCodingTests.swift; sourceTree = "<group>"; };
		4B9804032B1A686B00DEB148 /* MindvalleyCodingUITests.xctest */ = {isa = PBXFileReference; explicitFileType = wrapper.cfbundle; includeInIndex = 0; path = MindvalleyCodingUITests.xctest; sourceTree = BUILT_PRODUCTS_DIR; };
		4B9804072B1A686B00DEB148 /* MindvalleyCodingUITests.swift */ = {isa = PBXFileReference; lastKnownFileType = sourcecode.swift; path = MindvalleyCodingUITests.swift; sourceTree = "<group>"; };
		4B9804092B1A686B00DEB148 /* MindvalleyCodingUITestsLaunchTests.swift */ = {isa = PBXFileReference; lastKnownFileType = sourcecode.swift; path = MindvalleyCodingUITestsLaunchTests.swift; sourceTree = "<group>"; };
		4B98041D2B1A69CD00DEB148 /* HomeView.swift */ = {isa = PBXFileReference; lastKnownFileType = sourcecode.swift; path = HomeView.swift; sourceTree = "<group>"; };
		4B98041F2B1A6A9100DEB148 /* Channels.json */ = {isa = PBXFileReference; lastKnownFileType = text.json; path = Channels.json; sourceTree = "<group>"; };
		4B9804212B1A6AA800DEB148 /* Categories.json */ = {isa = PBXFileReference; lastKnownFileType = text.json; path = Categories.json; sourceTree = "<group>"; };
		4B9804232B1A6AC100DEB148 /* NewEpisodes.json */ = {isa = PBXFileReference; lastKnownFileType = text.json; path = NewEpisodes.json; sourceTree = "<group>"; };
		4B9804282B1A6C5200DEB148 /* Router.swift */ = {isa = PBXFileReference; lastKnownFileType = sourcecode.swift; path = Router.swift; sourceTree = "<group>"; };
		4B98042A2B1A6C6900DEB148 /* NetworkLogger.swift */ = {isa = PBXFileReference; lastKnownFileType = sourcecode.swift; path = NetworkLogger.swift; sourceTree = "<group>"; };
		4B98042C2B1A6C7F00DEB148 /* HTTPTask.swift */ = {isa = PBXFileReference; lastKnownFileType = sourcecode.swift; path = HTTPTask.swift; sourceTree = "<group>"; };
		4B98042E2B1A6C9200DEB148 /* HTTPMethod.swift */ = {isa = PBXFileReference; lastKnownFileType = sourcecode.swift; path = HTTPMethod.swift; sourceTree = "<group>"; };
		4B9804302B1A6CA300DEB148 /* EndPointType.swift */ = {isa = PBXFileReference; lastKnownFileType = sourcecode.swift; path = EndPointType.swift; sourceTree = "<group>"; };
		4B9804322B1A6CCF00DEB148 /* NetworkEnvironment.swift */ = {isa = PBXFileReference; lastKnownFileType = sourcecode.swift; path = NetworkEnvironment.swift; sourceTree = "<group>"; };
		4B9804352B1A6F9F00DEB148 /* HomeApiEndPoints.swift */ = {isa = PBXFileReference; lastKnownFileType = sourcecode.swift; path = HomeApiEndPoints.swift; sourceTree = "<group>"; };
		4B9804372B1B159B00DEB148 /* Color.swift */ = {isa = PBXFileReference; lastKnownFileType = sourcecode.swift; path = Color.swift; sourceTree = "<group>"; };
		4B9804392B1B15AD00DEB148 /* Color+Ext.swift */ = {isa = PBXFileReference; lastKnownFileType = sourcecode.swift; path = "Color+Ext.swift"; sourceTree = "<group>"; };
		4B98043D2B1B180500DEB148 /* NetworkMonitor.swift */ = {isa = PBXFileReference; lastKnownFileType = sourcecode.swift; path = NetworkMonitor.swift; sourceTree = "<group>"; };
		4B9804412B1B3AA900DEB148 /* CategoriesSectionListView.swift */ = {isa = PBXFileReference; lastKnownFileType = sourcecode.swift; path = CategoriesSectionListView.swift; sourceTree = "<group>"; };
		4B9804442B1B4E2400DEB148 /* Categories.swift */ = {isa = PBXFileReference; lastKnownFileType = sourcecode.swift; path = Categories.swift; sourceTree = "<group>"; };
		4B9804462B1B502A00DEB148 /* Channels.swift */ = {isa = PBXFileReference; lastKnownFileType = sourcecode.swift; path = Channels.swift; sourceTree = "<group>"; };
		4B9804482B1B50E200DEB148 /* NewEpisodes.swift */ = {isa = PBXFileReference; lastKnownFileType = sourcecode.swift; path = NewEpisodes.swift; sourceTree = "<group>"; };
		4B98044B2B1B6D5F00DEB148 /* CategoriesSectionViewModel.swift */ = {isa = PBXFileReference; lastKnownFileType = sourcecode.swift; path = CategoriesSectionViewModel.swift; sourceTree = "<group>"; };
		4B98044E2B1B727800DEB148 /* ChannelServiceable.swift */ = {isa = PBXFileReference; lastKnownFileType = sourcecode.swift; path = ChannelServiceable.swift; sourceTree = "<group>"; };
		4B9804512B1B730500DEB148 /* HomeServiceManager.swift */ = {isa = PBXFileReference; lastKnownFileType = sourcecode.swift; path = HomeServiceManager.swift; sourceTree = "<group>"; };
		4B9804532B1B73DE00DEB148 /* HomeServiceable.swift */ = {isa = PBXFileReference; lastKnownFileType = sourcecode.swift; path = HomeServiceable.swift; sourceTree = "<group>"; };
		4B9804562B1B81AE00DEB148 /* Gilroy-Regular.ttf */ = {isa = PBXFileReference; lastKnownFileType = file; path = "Gilroy-Regular.ttf"; sourceTree = "<group>"; };
		4B9804582B1B833E00DEB148 /* Gilroy-Bold.ttf */ = {isa = PBXFileReference; lastKnownFileType = file; path = "Gilroy-Bold.ttf"; sourceTree = "<group>"; };
		4B98045A2B1B836D00DEB148 /* Gilroy-Thin.ttf */ = {isa = PBXFileReference; lastKnownFileType = file; path = "Gilroy-Thin.ttf"; sourceTree = "<group>"; };
		4B98045C2B1BA14800DEB148 /* NewEpisodesCard.swift */ = {isa = PBXFileReference; lastKnownFileType = sourcecode.swift; path = NewEpisodesCard.swift; sourceTree = "<group>"; };
/* End PBXFileReference section */

/* Begin PBXFrameworksBuildPhase section */
		4B9803E02B1A686800DEB148 /* Frameworks */ = {
			isa = PBXFrameworksBuildPhase;
			buildActionMask = 2147483647;
			files = (
				4B86583A2B1BA3C300D01483 /* CachedAsyncImage in Frameworks */,
			);
			runOnlyForDeploymentPostprocessing = 0;
		};
		4B9803F62B1A686B00DEB148 /* Frameworks */ = {
			isa = PBXFrameworksBuildPhase;
			buildActionMask = 2147483647;
			files = (
			);
			runOnlyForDeploymentPostprocessing = 0;
		};
		4B9804002B1A686B00DEB148 /* Frameworks */ = {
			isa = PBXFrameworksBuildPhase;
			buildActionMask = 2147483647;
			files = (
			);
			runOnlyForDeploymentPostprocessing = 0;
		};
/* End PBXFrameworksBuildPhase section */

/* Begin PBXGroup section */
		4B9803DA2B1A686800DEB148 = {
			isa = PBXGroup;
			children = (
				4B9803E52B1A686800DEB148 /* MindvalleyCoding */,
				4B9803FC2B1A686B00DEB148 /* MindvalleyCodingTests */,
				4B9804062B1A686B00DEB148 /* MindvalleyCodingUITests */,
				4B9803E42B1A686800DEB148 /* Products */,
			);
			sourceTree = "<group>";
		};
		4B9803E42B1A686800DEB148 /* Products */ = {
			isa = PBXGroup;
			children = (
				4B9803E32B1A686800DEB148 /* MindvalleyCoding.app */,
				4B9803F92B1A686B00DEB148 /* MindvalleyCodingTests.xctest */,
				4B9804032B1A686B00DEB148 /* MindvalleyCodingUITests.xctest */,
			);
			name = Products;
			sourceTree = "<group>";
		};
		4B9803E52B1A686800DEB148 /* MindvalleyCoding */ = {
			isa = PBXGroup;
			children = (
				4B9804182B1A689300DEB148 /* Source */,
				4B9804172B1A688900DEB148 /* App */,
				4B9804162B1A687C00DEB148 /* StoryBoard */,
				4B9803EA2B1A686800DEB148 /* ViewController.swift */,
				4B9803EF2B1A686A00DEB148 /* Assets.xcassets */,
				4B9803F42B1A686A00DEB148 /* Info.plist */,
				4B9804192B1A68D400DEB148 /* Resource */,
			);
			path = MindvalleyCoding;
			sourceTree = "<group>";
		};
		4B9803FC2B1A686B00DEB148 /* MindvalleyCodingTests */ = {
			isa = PBXGroup;
			children = (
				4B9803FD2B1A686B00DEB148 /* MindvalleyCodingTests.swift */,
			);
			path = MindvalleyCodingTests;
			sourceTree = "<group>";
		};
		4B9804062B1A686B00DEB148 /* MindvalleyCodingUITests */ = {
			isa = PBXGroup;
			children = (
				4B9804072B1A686B00DEB148 /* MindvalleyCodingUITests.swift */,
				4B9804092B1A686B00DEB148 /* MindvalleyCodingUITestsLaunchTests.swift */,
			);
			path = MindvalleyCodingUITests;
			sourceTree = "<group>";
		};
		4B9804162B1A687C00DEB148 /* StoryBoard */ = {
			isa = PBXGroup;
			children = (
				4B9803F12B1A686A00DEB148 /* LaunchScreen.storyboard */,
				4B9803EC2B1A686800DEB148 /* Main.storyboard */,
			);
			path = StoryBoard;
			sourceTree = "<group>";
		};
		4B9804172B1A688900DEB148 /* App */ = {
			isa = PBXGroup;
			children = (
				4B9803E82B1A686800DEB148 /* SceneDelegate.swift */,
				4B9803E62B1A686800DEB148 /* AppDelegate.swift */,
			);
			path = App;
			sourceTree = "<group>";
		};
		4B9804182B1A689300DEB148 /* Source */ = {
			isa = PBXGroup;
			children = (
				4B98043B2B1B15E500DEB148 /* CommonUtils */,
				4B9804262B1A6C0200DEB148 /* Extension */,
				4B9804252B1A6BF000DEB148 /* Network */,
				4B98041A2B1A692C00DEB148 /* Module */,
			);
			path = Source;
			sourceTree = "<group>";
		};
		4B9804192B1A68D400DEB148 /* Resource */ = {
			isa = PBXGroup;
			children = (
				4B9804552B1B811100DEB148 /* Font */,
				4B98041F2B1A6A9100DEB148 /* Channels.json */,
				4B9804212B1A6AA800DEB148 /* Categories.json */,
				4B9804232B1A6AC100DEB148 /* NewEpisodes.json */,
			);
			path = Resource;
			sourceTree = "<group>";
		};
		4B98041A2B1A692C00DEB148 /* Module */ = {
			isa = PBXGroup;
			children = (
				4B98041B2B1A693800DEB148 /* HomeScreen */,
			);
			path = Module;
			sourceTree = "<group>";
		};
		4B98041B2B1A693800DEB148 /* HomeScreen */ = {
			isa = PBXGroup;
			children = (
				4B9804502B1B72D400DEB148 /* Manager */,
				4B98044D2B1B71FF00DEB148 /* Protocol */,
				4B98044A2B1B6D3200DEB148 /* ViewModel */,
				4B9804342B1A6EF800DEB148 /* HomeEndPoints */,
				4B9804432B1B4DE800DEB148 /* Model */,
				4B98041C2B1A696E00DEB148 /* Views */,
			);
			path = HomeScreen;
			sourceTree = "<group>";
		};
		4B98041C2B1A696E00DEB148 /* Views */ = {
			isa = PBXGroup;
			children = (
				4B98041D2B1A69CD00DEB148 /* HomeView.swift */,
				4B9804412B1B3AA900DEB148 /* CategoriesSectionListView.swift */,
				4B8658452B1BAE5300D01483 /* NewEpisodesCarouselView.swift */,
				4B98045C2B1BA14800DEB148 /* NewEpisodesCard.swift */,
				4B8658492B1BCC3E00D01483 /* ImageCardView.swift */,
			);
			path = Views;
			sourceTree = "<group>";
		};
		4B9804252B1A6BF000DEB148 /* Network */ = {
			isa = PBXGroup;
			children = (
				4B98043C2B1B17E400DEB148 /* NetworkStatus */,
				4B9804272B1A6C3900DEB148 /* Service */,
			);
			path = Network;
			sourceTree = "<group>";
		};
		4B9804262B1A6C0200DEB148 /* Extension */ = {
			isa = PBXGroup;
			children = (
				4B9804372B1B159B00DEB148 /* Color.swift */,
				4B9804392B1B15AD00DEB148 /* Color+Ext.swift */,
			);
			path = Extension;
			sourceTree = "<group>";
		};
		4B9804272B1A6C3900DEB148 /* Service */ = {
			isa = PBXGroup;
			children = (
				4B9804282B1A6C5200DEB148 /* Router.swift */,
				4B98042C2B1A6C7F00DEB148 /* HTTPTask.swift */,
				4B98042E2B1A6C9200DEB148 /* HTTPMethod.swift */,
				4B9804302B1A6CA300DEB148 /* EndPointType.swift */,
				4B98042A2B1A6C6900DEB148 /* NetworkLogger.swift */,
				4B9804322B1A6CCF00DEB148 /* NetworkEnvironment.swift */,
			);
			path = Service;
			sourceTree = "<group>";
		};
		4B9804342B1A6EF800DEB148 /* HomeEndPoints */ = {
			isa = PBXGroup;
			children = (
				4B9804352B1A6F9F00DEB148 /* HomeApiEndPoints.swift */,
			);
			path = HomeEndPoints;
			sourceTree = "<group>";
		};
		4B98043B2B1B15E500DEB148 /* CommonUtils */ = {
			isa = PBXGroup;
			children = (
				4B8658412B1BA4A200D01483 /* Utils.swift */,
				4B8658432B1BA78500D01483 /* ReadingLocalFile.swift */,
			);
			path = CommonUtils;
			sourceTree = "<group>";
		};
		4B98043C2B1B17E400DEB148 /* NetworkStatus */ = {
			isa = PBXGroup;
			children = (
				4B98043D2B1B180500DEB148 /* NetworkMonitor.swift */,
			);
			path = NetworkStatus;
			sourceTree = "<group>";
		};
		4B9804432B1B4DE800DEB148 /* Model */ = {
			isa = PBXGroup;
			children = (
				4B9804442B1B4E2400DEB148 /* Categories.swift */,
				4B9804462B1B502A00DEB148 /* Channels.swift */,
				4B9804482B1B50E200DEB148 /* NewEpisodes.swift */,
				4B86583F2B1BA45000D01483 /* Channels+stub.swift */,
				4B86583D2B1BA43F00D01483 /* Categories+stub.swift */,
				4B86583B2B1BA42600D01483 /* NewEpisodes+stub.swift */,
			);
			path = Model;
			sourceTree = "<group>";
		};
		4B98044A2B1B6D3200DEB148 /* ViewModel */ = {
			isa = PBXGroup;
			children = (
				4B98044B2B1B6D5F00DEB148 /* CategoriesSectionViewModel.swift */,
				4B8658472B1BB40500D01483 /* NewEpisodesViewModel.swift */,
				4B86584B2B1BDBD700D01483 /* ChannelsViewModel.swift */,
			);
			path = ViewModel;
			sourceTree = "<group>";
		};
		4B98044D2B1B71FF00DEB148 /* Protocol */ = {
			isa = PBXGroup;
			children = (
				4B98044E2B1B727800DEB148 /* ChannelServiceable.swift */,
				4B9804532B1B73DE00DEB148 /* HomeServiceable.swift */,
			);
			path = Protocol;
			sourceTree = "<group>";
		};
		4B9804502B1B72D400DEB148 /* Manager */ = {
			isa = PBXGroup;
			children = (
				4B9804512B1B730500DEB148 /* HomeServiceManager.swift */,
			);
			path = Manager;
			sourceTree = "<group>";
		};
		4B9804552B1B811100DEB148 /* Font */ = {
			isa = PBXGroup;
			children = (
				4B9804582B1B833E00DEB148 /* Gilroy-Bold.ttf */,
				4B9804562B1B81AE00DEB148 /* Gilroy-Regular.ttf */,
				4B98045A2B1B836D00DEB148 /* Gilroy-Thin.ttf */,
			);
			path = Font;
			sourceTree = "<group>";
		};
/* End PBXGroup section */

/* Begin PBXNativeTarget section */
		4B9803E22B1A686800DEB148 /* MindvalleyCoding */ = {
			isa = PBXNativeTarget;
			buildConfigurationList = 4B98040D2B1A686B00DEB148 /* Build configuration list for PBXNativeTarget "MindvalleyCoding" */;
			buildPhases = (
				4B9803DF2B1A686800DEB148 /* Sources */,
				4B9803E02B1A686800DEB148 /* Frameworks */,
				4B9803E12B1A686800DEB148 /* Resources */,
			);
			buildRules = (
			);
			dependencies = (
			);
			name = MindvalleyCoding;
			packageProductDependencies = (
				4B8658392B1BA3C300D01483 /* CachedAsyncImage */,
			);
			productName = MindvalleyCoding;
			productReference = 4B9803E32B1A686800DEB148 /* MindvalleyCoding.app */;
			productType = "com.apple.product-type.application";
		};
		4B9803F82B1A686B00DEB148 /* MindvalleyCodingTests */ = {
			isa = PBXNativeTarget;
			buildConfigurationList = 4B9804102B1A686B00DEB148 /* Build configuration list for PBXNativeTarget "MindvalleyCodingTests" */;
			buildPhases = (
				4B9803F52B1A686B00DEB148 /* Sources */,
				4B9803F62B1A686B00DEB148 /* Frameworks */,
				4B9803F72B1A686B00DEB148 /* Resources */,
			);
			buildRules = (
			);
			dependencies = (
				4B9803FB2B1A686B00DEB148 /* PBXTargetDependency */,
			);
			name = MindvalleyCodingTests;
			productName = MindvalleyCodingTests;
			productReference = 4B9803F92B1A686B00DEB148 /* MindvalleyCodingTests.xctest */;
			productType = "com.apple.product-type.bundle.unit-test";
		};
		4B9804022B1A686B00DEB148 /* MindvalleyCodingUITests */ = {
			isa = PBXNativeTarget;
			buildConfigurationList = 4B9804132B1A686B00DEB148 /* Build configuration list for PBXNativeTarget "MindvalleyCodingUITests" */;
			buildPhases = (
				4B9803FF2B1A686B00DEB148 /* Sources */,
				4B9804002B1A686B00DEB148 /* Frameworks */,
				4B9804012B1A686B00DEB148 /* Resources */,
			);
			buildRules = (
			);
			dependencies = (
				4B9804052B1A686B00DEB148 /* PBXTargetDependency */,
			);
			name = MindvalleyCodingUITests;
			productName = MindvalleyCodingUITests;
			productReference = 4B9804032B1A686B00DEB148 /* MindvalleyCodingUITests.xctest */;
			productType = "com.apple.product-type.bundle.ui-testing";
		};
/* End PBXNativeTarget section */

/* Begin PBXProject section */
		4B9803DB2B1A686800DEB148 /* Project object */ = {
			isa = PBXProject;
			attributes = {
				BuildIndependentTargetsInParallel = 1;
				LastSwiftUpdateCheck = 1500;
				LastUpgradeCheck = 1500;
				TargetAttributes = {
					4B9803E22B1A686800DEB148 = {
						CreatedOnToolsVersion = 15.0.1;
					};
					4B9803F82B1A686B00DEB148 = {
						CreatedOnToolsVersion = 15.0.1;
						TestTargetID = 4B9803E22B1A686800DEB148;
					};
					4B9804022B1A686B00DEB148 = {
						CreatedOnToolsVersion = 15.0.1;
						TestTargetID = 4B9803E22B1A686800DEB148;
					};
				};
			};
			buildConfigurationList = 4B9803DE2B1A686800DEB148 /* Build configuration list for PBXProject "MindvalleyCoding" */;
			compatibilityVersion = "Xcode 14.0";
			developmentRegion = en;
			hasScannedForEncodings = 0;
			knownRegions = (
				en,
				Base,
			);
			mainGroup = 4B9803DA2B1A686800DEB148;
			packageReferences = (
				4B8658382B1BA3C300D01483 /* XCRemoteSwiftPackageReference "CachedAsyncImage" */,
			);
			productRefGroup = 4B9803E42B1A686800DEB148 /* Products */;
			projectDirPath = "";
			projectRoot = "";
			targets = (
				4B9803E22B1A686800DEB148 /* MindvalleyCoding */,
				4B9803F82B1A686B00DEB148 /* MindvalleyCodingTests */,
				4B9804022B1A686B00DEB148 /* MindvalleyCodingUITests */,
			);
		};
/* End PBXProject section */

/* Begin PBXResourcesBuildPhase section */
		4B9803E12B1A686800DEB148 /* Resources */ = {
			isa = PBXResourcesBuildPhase;
			buildActionMask = 2147483647;
			files = (
				4B9804242B1A6AC100DEB148 /* NewEpisodes.json in Resources */,
				4B9803F32B1A686A00DEB148 /* LaunchScreen.storyboard in Resources */,
				4B9804202B1A6A9100DEB148 /* Channels.json in Resources */,
				4B9803F02B1A686A00DEB148 /* Assets.xcassets in Resources */,
				4B9803EE2B1A686800DEB148 /* Main.storyboard in Resources */,
				4B9804572B1B81AE00DEB148 /* Gilroy-Regular.ttf in Resources */,
				4B98045B2B1B836D00DEB148 /* Gilroy-Thin.ttf in Resources */,
				4B9804222B1A6AA800DEB148 /* Categories.json in Resources */,
				4B9804592B1B833E00DEB148 /* Gilroy-Bold.ttf in Resources */,
			);
			runOnlyForDeploymentPostprocessing = 0;
		};
		4B9803F72B1A686B00DEB148 /* Resources */ = {
			isa = PBXResourcesBuildPhase;
			buildActionMask = 2147483647;
			files = (
			);
			runOnlyForDeploymentPostprocessing = 0;
		};
		4B9804012B1A686B00DEB148 /* Resources */ = {
			isa = PBXResourcesBuildPhase;
			buildActionMask = 2147483647;
			files = (
			);
			runOnlyForDeploymentPostprocessing = 0;
		};
/* End PBXResourcesBuildPhase section */

/* Begin PBXSourcesBuildPhase section */
		4B9803DF2B1A686800DEB148 /* Sources */ = {
			isa = PBXSourcesBuildPhase;
			buildActionMask = 2147483647;
			files = (
				4B98042D2B1A6C7F00DEB148 /* HTTPTask.swift in Sources */,
				4B9804452B1B4E2400DEB148 /* Categories.swift in Sources */,
				4B8658442B1BA78500D01483 /* ReadingLocalFile.swift in Sources */,
				4B8658422B1BA4A200D01483 /* Utils.swift in Sources */,
				4B9804492B1B50E200DEB148 /* NewEpisodes.swift in Sources */,
				4B98042B2B1A6C6900DEB148 /* NetworkLogger.swift in Sources */,
				4B9804312B1A6CA300DEB148 /* EndPointType.swift in Sources */,
				4B9803EB2B1A686800DEB148 /* ViewController.swift in Sources */,
				4B98044C2B1B6D5F00DEB148 /* CategoriesSectionViewModel.swift in Sources */,
				4B98043A2B1B15AD00DEB148 /* Color+Ext.swift in Sources */,
				4B86584C2B1BDBD700D01483 /* ChannelsViewModel.swift in Sources */,
				4B9804422B1B3AA900DEB148 /* CategoriesSectionListView.swift in Sources */,
				4B98045D2B1BA14800DEB148 /* NewEpisodesCard.swift in Sources */,
				4B9804522B1B730500DEB148 /* HomeServiceManager.swift in Sources */,
				4B98041E2B1A69CD00DEB148 /* HomeView.swift in Sources */,
				4B86583E2B1BA43F00D01483 /* Categories+stub.swift in Sources */,
				4B9804382B1B159B00DEB148 /* Color.swift in Sources */,
				4B8658462B1BAE5300D01483 /* NewEpisodesCarouselView.swift in Sources */,
				4B86584A2B1BCC3E00D01483 /* ImageCardView.swift in Sources */,
				4B98042F2B1A6C9200DEB148 /* HTTPMethod.swift in Sources */,
				4B9804362B1A6F9F00DEB148 /* HomeApiEndPoints.swift in Sources */,
				4B9804292B1A6C5200DEB148 /* Router.swift in Sources */,
				4B86583C2B1BA42600D01483 /* NewEpisodes+stub.swift in Sources */,
				4B9803E72B1A686800DEB148 /* AppDelegate.swift in Sources */,
				4B9804542B1B73DE00DEB148 /* HomeServiceable.swift in Sources */,
				4B9804332B1A6CCF00DEB148 /* NetworkEnvironment.swift in Sources */,
				4B8658402B1BA45000D01483 /* Channels+stub.swift in Sources */,
				4B9803E92B1A686800DEB148 /* SceneDelegate.swift in Sources */,
				4B98044F2B1B727800DEB148 /* ChannelServiceable.swift in Sources */,
				4B8658482B1BB40500D01483 /* NewEpisodesViewModel.swift in Sources */,
				4B9804472B1B502A00DEB148 /* Channels.swift in Sources */,
				4B98043E2B1B180500DEB148 /* NetworkMonitor.swift in Sources */,
			);
			runOnlyForDeploymentPostprocessing = 0;
		};
		4B9803F52B1A686B00DEB148 /* Sources */ = {
			isa = PBXSourcesBuildPhase;
			buildActionMask = 2147483647;
			files = (
				4B9803FE2B1A686B00DEB148 /* MindvalleyCodingTests.swift in Sources */,
			);
			runOnlyForDeploymentPostprocessing = 0;
		};
		4B9803FF2B1A686B00DEB148 /* Sources */ = {
			isa = PBXSourcesBuildPhase;
			buildActionMask = 2147483647;
			files = (
				4B9804082B1A686B00DEB148 /* MindvalleyCodingUITests.swift in Sources */,
				4B98040A2B1A686B00DEB148 /* MindvalleyCodingUITestsLaunchTests.swift in Sources */,
			);
			runOnlyForDeploymentPostprocessing = 0;
		};
/* End PBXSourcesBuildPhase section */

/* Begin PBXTargetDependency section */
		4B9803FB2B1A686B00DEB148 /* PBXTargetDependency */ = {
			isa = PBXTargetDependency;
			target = 4B9803E22B1A686800DEB148 /* MindvalleyCoding */;
			targetProxy = 4B9803FA2B1A686B00DEB148 /* PBXContainerItemProxy */;
		};
		4B9804052B1A686B00DEB148 /* PBXTargetDependency */ = {
			isa = PBXTargetDependency;
			target = 4B9803E22B1A686800DEB148 /* MindvalleyCoding */;
			targetProxy = 4B9804042B1A686B00DEB148 /* PBXContainerItemProxy */;
		};
/* End PBXTargetDependency section */

/* Begin PBXVariantGroup section */
		4B9803EC2B1A686800DEB148 /* Main.storyboard */ = {
			isa = PBXVariantGroup;
			children = (
				4B9803ED2B1A686800DEB148 /* Base */,
			);
			name = Main.storyboard;
			sourceTree = "<group>";
		};
		4B9803F12B1A686A00DEB148 /* LaunchScreen.storyboard */ = {
			isa = PBXVariantGroup;
			children = (
				4B9803F22B1A686A00DEB148 /* Base */,
			);
			name = LaunchScreen.storyboard;
			sourceTree = "<group>";
		};
/* End PBXVariantGroup section */

/* Begin XCBuildConfiguration section */
		4B98040B2B1A686B00DEB148 /* Debug */ = {
			isa = XCBuildConfiguration;
			buildSettings = {
				ALWAYS_SEARCH_USER_PATHS = NO;
				ASSETCATALOG_COMPILER_GENERATE_SWIFT_ASSET_SYMBOL_EXTENSIONS = YES;
				CLANG_ANALYZER_NONNULL = YES;
				CLANG_ANALYZER_NUMBER_OBJECT_CONVERSION = YES_AGGRESSIVE;
				CLANG_CXX_LANGUAGE_STANDARD = "gnu++20";
				CLANG_ENABLE_MODULES = YES;
				CLANG_ENABLE_OBJC_ARC = YES;
				CLANG_ENABLE_OBJC_WEAK = YES;
				CLANG_WARN_BLOCK_CAPTURE_AUTORELEASING = YES;
				CLANG_WARN_BOOL_CONVERSION = YES;
				CLANG_WARN_COMMA = YES;
				CLANG_WARN_CONSTANT_CONVERSION = YES;
				CLANG_WARN_DEPRECATED_OBJC_IMPLEMENTATIONS = YES;
				CLANG_WARN_DIRECT_OBJC_ISA_USAGE = YES_ERROR;
				CLANG_WARN_DOCUMENTATION_COMMENTS = YES;
				CLANG_WARN_EMPTY_BODY = YES;
				CLANG_WARN_ENUM_CONVERSION = YES;
				CLANG_WARN_INFINITE_RECURSION = YES;
				CLANG_WARN_INT_CONVERSION = YES;
				CLANG_WARN_NON_LITERAL_NULL_CONVERSION = YES;
				CLANG_WARN_OBJC_IMPLICIT_RETAIN_SELF = YES;
				CLANG_WARN_OBJC_LITERAL_CONVERSION = YES;
				CLANG_WARN_OBJC_ROOT_CLASS = YES_ERROR;
				CLANG_WARN_QUOTED_INCLUDE_IN_FRAMEWORK_HEADER = YES;
				CLANG_WARN_RANGE_LOOP_ANALYSIS = YES;
				CLANG_WARN_STRICT_PROTOTYPES = YES;
				CLANG_WARN_SUSPICIOUS_MOVE = YES;
				CLANG_WARN_UNGUARDED_AVAILABILITY = YES_AGGRESSIVE;
				CLANG_WARN_UNREACHABLE_CODE = YES;
				CLANG_WARN__DUPLICATE_METHOD_MATCH = YES;
				COPY_PHASE_STRIP = NO;
				DEBUG_INFORMATION_FORMAT = dwarf;
				ENABLE_STRICT_OBJC_MSGSEND = YES;
				ENABLE_TESTABILITY = YES;
				ENABLE_USER_SCRIPT_SANDBOXING = YES;
				GCC_C_LANGUAGE_STANDARD = gnu17;
				GCC_DYNAMIC_NO_PIC = NO;
				GCC_NO_COMMON_BLOCKS = YES;
				GCC_OPTIMIZATION_LEVEL = 0;
				GCC_PREPROCESSOR_DEFINITIONS = (
					"DEBUG=1",
					"$(inherited)",
				);
				GCC_WARN_64_TO_32_BIT_CONVERSION = YES;
				GCC_WARN_ABOUT_RETURN_TYPE = YES_ERROR;
				GCC_WARN_UNDECLARED_SELECTOR = YES;
				GCC_WARN_UNINITIALIZED_AUTOS = YES_AGGRESSIVE;
				GCC_WARN_UNUSED_FUNCTION = YES;
				GCC_WARN_UNUSED_VARIABLE = YES;
				IPHONEOS_DEPLOYMENT_TARGET = 17.0;
				LOCALIZATION_PREFERS_STRING_CATALOGS = YES;
				MTL_ENABLE_DEBUG_INFO = INCLUDE_SOURCE;
				MTL_FAST_MATH = YES;
				ONLY_ACTIVE_ARCH = YES;
				SDKROOT = iphoneos;
				SWIFT_ACTIVE_COMPILATION_CONDITIONS = "DEBUG $(inherited)";
				SWIFT_OPTIMIZATION_LEVEL = "-Onone";
			};
			name = Debug;
		};
		4B98040C2B1A686B00DEB148 /* Release */ = {
			isa = XCBuildConfiguration;
			buildSettings = {
				ALWAYS_SEARCH_USER_PATHS = NO;
				ASSETCATALOG_COMPILER_GENERATE_SWIFT_ASSET_SYMBOL_EXTENSIONS = YES;
				CLANG_ANALYZER_NONNULL = YES;
				CLANG_ANALYZER_NUMBER_OBJECT_CONVERSION = YES_AGGRESSIVE;
				CLANG_CXX_LANGUAGE_STANDARD = "gnu++20";
				CLANG_ENABLE_MODULES = YES;
				CLANG_ENABLE_OBJC_ARC = YES;
				CLANG_ENABLE_OBJC_WEAK = YES;
				CLANG_WARN_BLOCK_CAPTURE_AUTORELEASING = YES;
				CLANG_WARN_BOOL_CONVERSION = YES;
				CLANG_WARN_COMMA = YES;
				CLANG_WARN_CONSTANT_CONVERSION = YES;
				CLANG_WARN_DEPRECATED_OBJC_IMPLEMENTATIONS = YES;
				CLANG_WARN_DIRECT_OBJC_ISA_USAGE = YES_ERROR;
				CLANG_WARN_DOCUMENTATION_COMMENTS = YES;
				CLANG_WARN_EMPTY_BODY = YES;
				CLANG_WARN_ENUM_CONVERSION = YES;
				CLANG_WARN_INFINITE_RECURSION = YES;
				CLANG_WARN_INT_CONVERSION = YES;
				CLANG_WARN_NON_LITERAL_NULL_CONVERSION = YES;
				CLANG_WARN_OBJC_IMPLICIT_RETAIN_SELF = YES;
				CLANG_WARN_OBJC_LITERAL_CONVERSION = YES;
				CLANG_WARN_OBJC_ROOT_CLASS = YES_ERROR;
				CLANG_WARN_QUOTED_INCLUDE_IN_FRAMEWORK_HEADER = YES;
				CLANG_WARN_RANGE_LOOP_ANALYSIS = YES;
				CLANG_WARN_STRICT_PROTOTYPES = YES;
				CLANG_WARN_SUSPICIOUS_MOVE = YES;
				CLANG_WARN_UNGUARDED_AVAILABILITY = YES_AGGRESSIVE;
				CLANG_WARN_UNREACHABLE_CODE = YES;
				CLANG_WARN__DUPLICATE_METHOD_MATCH = YES;
				COPY_PHASE_STRIP = NO;
				DEBUG_INFORMATION_FORMAT = "dwarf-with-dsym";
				ENABLE_NS_ASSERTIONS = NO;
				ENABLE_STRICT_OBJC_MSGSEND = YES;
				ENABLE_USER_SCRIPT_SANDBOXING = YES;
				GCC_C_LANGUAGE_STANDARD = gnu17;
				GCC_NO_COMMON_BLOCKS = YES;
				GCC_WARN_64_TO_32_BIT_CONVERSION = YES;
				GCC_WARN_ABOUT_RETURN_TYPE = YES_ERROR;
				GCC_WARN_UNDECLARED_SELECTOR = YES;
				GCC_WARN_UNINITIALIZED_AUTOS = YES_AGGRESSIVE;
				GCC_WARN_UNUSED_FUNCTION = YES;
				GCC_WARN_UNUSED_VARIABLE = YES;
				IPHONEOS_DEPLOYMENT_TARGET = 17.0;
				LOCALIZATION_PREFERS_STRING_CATALOGS = YES;
				MTL_ENABLE_DEBUG_INFO = NO;
				MTL_FAST_MATH = YES;
				SDKROOT = iphoneos;
				SWIFT_COMPILATION_MODE = wholemodule;
				VALIDATE_PRODUCT = YES;
			};
			name = Release;
		};
		4B98040E2B1A686B00DEB148 /* Debug */ = {
			isa = XCBuildConfiguration;
			buildSettings = {
				ASSETCATALOG_COMPILER_APPICON_NAME = AppIcon;
				ASSETCATALOG_COMPILER_GLOBAL_ACCENT_COLOR_NAME = AccentColor;
				CODE_SIGN_STYLE = Automatic;
				CURRENT_PROJECT_VERSION = 1;
				GENERATE_INFOPLIST_FILE = YES;
				INFOPLIST_FILE = MindvalleyCoding/Info.plist;
				INFOPLIST_KEY_UIApplicationSupportsIndirectInputEvents = YES;
				INFOPLIST_KEY_UILaunchStoryboardName = LaunchScreen;
				INFOPLIST_KEY_UIMainStoryboardFile = Main;
				INFOPLIST_KEY_UISupportedInterfaceOrientations_iPad = "UIInterfaceOrientationPortrait UIInterfaceOrientationPortraitUpsideDown UIInterfaceOrientationLandscapeLeft UIInterfaceOrientationLandscapeRight";
				INFOPLIST_KEY_UISupportedInterfaceOrientations_iPhone = "UIInterfaceOrientationPortrait UIInterfaceOrientationLandscapeLeft UIInterfaceOrientationLandscapeRight";
				IPHONEOS_DEPLOYMENT_TARGET = 17.0;
				LD_RUNPATH_SEARCH_PATHS = (
					"$(inherited)",
					"@executable_path/Frameworks",
				);
				MARKETING_VERSION = 1.0;
				PRODUCT_BUNDLE_IDENTIFIER = com.shoeb.MindvalleyCoding;
				PRODUCT_NAME = "$(TARGET_NAME)";
				SWIFT_EMIT_LOC_STRINGS = YES;
				SWIFT_VERSION = 5.0;
				TARGETED_DEVICE_FAMILY = "1,2";
			};
			name = Debug;
		};
		4B98040F2B1A686B00DEB148 /* Release */ = {
			isa = XCBuildConfiguration;
			buildSettings = {
				ASSETCATALOG_COMPILER_APPICON_NAME = AppIcon;
				ASSETCATALOG_COMPILER_GLOBAL_ACCENT_COLOR_NAME = AccentColor;
				CODE_SIGN_STYLE = Automatic;
				CURRENT_PROJECT_VERSION = 1;
				GENERATE_INFOPLIST_FILE = YES;
				INFOPLIST_FILE = MindvalleyCoding/Info.plist;
				INFOPLIST_KEY_UIApplicationSupportsIndirectInputEvents = YES;
				INFOPLIST_KEY_UILaunchStoryboardName = LaunchScreen;
				INFOPLIST_KEY_UIMainStoryboardFile = Main;
				INFOPLIST_KEY_UISupportedInterfaceOrientations_iPad = "UIInterfaceOrientationPortrait UIInterfaceOrientationPortraitUpsideDown UIInterfaceOrientationLandscapeLeft UIInterfaceOrientationLandscapeRight";
				INFOPLIST_KEY_UISupportedInterfaceOrientations_iPhone = "UIInterfaceOrientationPortrait UIInterfaceOrientationLandscapeLeft UIInterfaceOrientationLandscapeRight";
				IPHONEOS_DEPLOYMENT_TARGET = 17.0;
				LD_RUNPATH_SEARCH_PATHS = (
					"$(inherited)",
					"@executable_path/Frameworks",
				);
				MARKETING_VERSION = 1.0;
				PRODUCT_BUNDLE_IDENTIFIER = com.shoeb.MindvalleyCoding;
				PRODUCT_NAME = "$(TARGET_NAME)";
				SWIFT_EMIT_LOC_STRINGS = YES;
				SWIFT_VERSION = 5.0;
				TARGETED_DEVICE_FAMILY = "1,2";
			};
			name = Release;
		};
		4B9804112B1A686B00DEB148 /* Debug */ = {
			isa = XCBuildConfiguration;
			buildSettings = {
				ALWAYS_EMBED_SWIFT_STANDARD_LIBRARIES = YES;
				BUNDLE_LOADER = "$(TEST_HOST)";
				CODE_SIGN_STYLE = Automatic;
				CURRENT_PROJECT_VERSION = 1;
				GENERATE_INFOPLIST_FILE = YES;
				IPHONEOS_DEPLOYMENT_TARGET = 17.0;
				MARKETING_VERSION = 1.0;
				PRODUCT_BUNDLE_IDENTIFIER = com.shoeb.MindvalleyCodingTests;
				PRODUCT_NAME = "$(TARGET_NAME)";
				SWIFT_EMIT_LOC_STRINGS = NO;
				SWIFT_VERSION = 5.0;
				TARGETED_DEVICE_FAMILY = "1,2";
				TEST_HOST = "$(BUILT_PRODUCTS_DIR)/MindvalleyCoding.app/$(BUNDLE_EXECUTABLE_FOLDER_PATH)/MindvalleyCoding";
			};
			name = Debug;
		};
		4B9804122B1A686B00DEB148 /* Release */ = {
			isa = XCBuildConfiguration;
			buildSettings = {
				ALWAYS_EMBED_SWIFT_STANDARD_LIBRARIES = YES;
				BUNDLE_LOADER = "$(TEST_HOST)";
				CODE_SIGN_STYLE = Automatic;
				CURRENT_PROJECT_VERSION = 1;
				GENERATE_INFOPLIST_FILE = YES;
				IPHONEOS_DEPLOYMENT_TARGET = 17.0;
				MARKETING_VERSION = 1.0;
				PRODUCT_BUNDLE_IDENTIFIER = com.shoeb.MindvalleyCodingTests;
				PRODUCT_NAME = "$(TARGET_NAME)";
				SWIFT_EMIT_LOC_STRINGS = NO;
				SWIFT_VERSION = 5.0;
				TARGETED_DEVICE_FAMILY = "1,2";
				TEST_HOST = "$(BUILT_PRODUCTS_DIR)/MindvalleyCoding.app/$(BUNDLE_EXECUTABLE_FOLDER_PATH)/MindvalleyCoding";
			};
			name = Release;
		};
		4B9804142B1A686B00DEB148 /* Debug */ = {
			isa = XCBuildConfiguration;
			buildSettings = {
				ALWAYS_EMBED_SWIFT_STANDARD_LIBRARIES = YES;
				CODE_SIGN_STYLE = Automatic;
				CURRENT_PROJECT_VERSION = 1;
				GENERATE_INFOPLIST_FILE = YES;
				MARKETING_VERSION = 1.0;
				PRODUCT_BUNDLE_IDENTIFIER = com.shoeb.MindvalleyCodingUITests;
				PRODUCT_NAME = "$(TARGET_NAME)";
				SWIFT_EMIT_LOC_STRINGS = NO;
				SWIFT_VERSION = 5.0;
				TARGETED_DEVICE_FAMILY = "1,2";
				TEST_TARGET_NAME = MindvalleyCoding;
			};
			name = Debug;
		};
		4B9804152B1A686B00DEB148 /* Release */ = {
			isa = XCBuildConfiguration;
			buildSettings = {
				ALWAYS_EMBED_SWIFT_STANDARD_LIBRARIES = YES;
				CODE_SIGN_STYLE = Automatic;
				CURRENT_PROJECT_VERSION = 1;
				GENERATE_INFOPLIST_FILE = YES;
				MARKETING_VERSION = 1.0;
				PRODUCT_BUNDLE_IDENTIFIER = com.shoeb.MindvalleyCodingUITests;
				PRODUCT_NAME = "$(TARGET_NAME)";
				SWIFT_EMIT_LOC_STRINGS = NO;
				SWIFT_VERSION = 5.0;
				TARGETED_DEVICE_FAMILY = "1,2";
				TEST_TARGET_NAME = MindvalleyCoding;
			};
			name = Release;
		};
/* End XCBuildConfiguration section */

/* Begin XCConfigurationList section */
		4B9803DE2B1A686800DEB148 /* Build configuration list for PBXProject "MindvalleyCoding" */ = {
			isa = XCConfigurationList;
			buildConfigurations = (
				4B98040B2B1A686B00DEB148 /* Debug */,
				4B98040C2B1A686B00DEB148 /* Release */,
			);
			defaultConfigurationIsVisible = 0;
			defaultConfigurationName = Release;
		};
		4B98040D2B1A686B00DEB148 /* Build configuration list for PBXNativeTarget "MindvalleyCoding" */ = {
			isa = XCConfigurationList;
			buildConfigurations = (
				4B98040E2B1A686B00DEB148 /* Debug */,
				4B98040F2B1A686B00DEB148 /* Release */,
			);
			defaultConfigurationIsVisible = 0;
			defaultConfigurationName = Release;
		};
		4B9804102B1A686B00DEB148 /* Build configuration list for PBXNativeTarget "MindvalleyCodingTests" */ = {
			isa = XCConfigurationList;
			buildConfigurations = (
				4B9804112B1A686B00DEB148 /* Debug */,
				4B9804122B1A686B00DEB148 /* Release */,
			);
			defaultConfigurationIsVisible = 0;
			defaultConfigurationName = Release;
		};
		4B9804132B1A686B00DEB148 /* Build configuration list for PBXNativeTarget "MindvalleyCodingUITests" */ = {
			isa = XCConfigurationList;
			buildConfigurations = (
				4B9804142B1A686B00DEB148 /* Debug */,
				4B9804152B1A686B00DEB148 /* Release */,
			);
			defaultConfigurationIsVisible = 0;
			defaultConfigurationName = Release;
		};
/* End XCConfigurationList section */

/* Begin XCRemoteSwiftPackageReference section */
		4B8658382B1BA3C300D01483 /* XCRemoteSwiftPackageReference "CachedAsyncImage" */ = {
			isa = XCRemoteSwiftPackageReference;
			repositoryURL = "https://github.com/bullinnyc/CachedAsyncImage";
			requirement = {
				kind = upToNextMajorVersion;
				minimumVersion = 2.2.0;
			};
		};
/* End XCRemoteSwiftPackageReference section */

/* Begin XCSwiftPackageProductDependency section */
		4B8658392B1BA3C300D01483 /* CachedAsyncImage */ = {
			isa = XCSwiftPackageProductDependency;
			package = 4B8658382B1BA3C300D01483 /* XCRemoteSwiftPackageReference "CachedAsyncImage" */;
			productName = CachedAsyncImage;
		};
/* End XCSwiftPackageProductDependency section */
	};
	rootObject = 4B9803DB2B1A686800DEB148 /* Project object */;
}
